// !$*UTF8*$!
{
	archiveVersion = 1;
	classes = {
	};
	objectVersion = 54;
	objects = {

/* Begin PBXBuildFile section */
		013B53932890FF4F002CB1AA /* DataManager.m in Sources */ = {isa = PBXBuildFile; fileRef = 013B53922890FF4F002CB1AA /* DataManager.m */; };
		013B53962892A4D2002CB1AA /* Attachment.m in Sources */ = {isa = PBXBuildFile; fileRef = 013B53952892A4D2002CB1AA /* Attachment.m */; };
		01A4EAD828FCE8170022D204 /* GroupSettingViewController.m in Sources */ = {isa = PBXBuildFile; fileRef = 01A4EAD728FCE8170022D204 /* GroupSettingViewController.m */; };
		01C0D042288504B000B796BA /* NEGroupContactsController.m in Sources */ = {isa = PBXBuildFile; fileRef = 01C0D041288504B000B796BA /* NEGroupContactsController.m */; };
		01C0D04D288687E900B796BA /* GroupUserViewCell.m in Sources */ = {isa = PBXBuildFile; fileRef = 01C0D04C288687E900B796BA /* GroupUserViewCell.m */; };
		01C0D060288B89D200B796BA /* UICollectionViewLeftAlignedLayout.m in Sources */ = {isa = PBXBuildFile; fileRef = 01C0D05F288B89D200B796BA /* UICollectionViewLeftAlignedLayout.m */; };
		01C8348A28A9D5F700B87F45 /* Localizable.strings in Resources */ = {isa = PBXBuildFile; fileRef = 01C8348C28A9D5F700B87F45 /* Localizable.strings */; };
		261B1AF92A823F3D0049FEF8 /* NECallCustomController.m in Sources */ = {isa = PBXBuildFile; fileRef = 261B1AF82A823F3D0049FEF8 /* NECallCustomController.m */; };
		26A00C8F271812A4007849FA /* NECallStatusRecordCell.m in Sources */ = {isa = PBXBuildFile; fileRef = 26A00C80271812A4007849FA /* NECallStatusRecordCell.m */; };
		26A00C90271812A4007849FA /* NESearchResultCell.m in Sources */ = {isa = PBXBuildFile; fileRef = 26A00C87271812A4007849FA /* NESearchResultCell.m */; };
		26A00C9A27181563007849FA /* NECallStatusRecordModel.m in Sources */ = {isa = PBXBuildFile; fileRef = 26A00C9927181563007849FA /* NECallStatusRecordModel.m */; };
		26D0C57C2A82299800D13ED0 /* SettingManager.m in Sources */ = {isa = PBXBuildFile; fileRef = 26D0C57B2A82299800D13ED0 /* SettingManager.m */; };
		4B4493092770A63500478829 /* NERtcCallKit+Demo.m in Sources */ = {isa = PBXBuildFile; fileRef = 4B4493082770A63500478829 /* NERtcCallKit+Demo.m */; };
		4B9F0F2D275E2A5300EACC04 /* NERtcSettingViewController.m in Sources */ = {isa = PBXBuildFile; fileRef = 4B9F0F2C275E2A5300EACC04 /* NERtcSettingViewController.m */; };
		4BA14012271E50E200B7148C /* NSArray+NTES.m in Sources */ = {isa = PBXBuildFile; fileRef = 4BA14011271E50E200B7148C /* NSArray+NTES.m */; };
		54AD12862CE3514C00F0F370 /* NECallUISettingViewController.m in Sources */ = {isa = PBXBuildFile; fileRef = 54AD12852CE3514B00F0F370 /* NECallUISettingViewController.m */; };
		65F51E0653EC27F8380D7A83 /* Pods_NLiteAVDemo.framework in Frameworks */ = {isa = PBXBuildFile; fileRef = 890A3C73BFF223F57ED1181D /* Pods_NLiteAVDemo.framework */; };
		84B1558E2E856E4C006C1523 /* SectionHeaderView.m in Sources */ = {isa = PBXBuildFile; fileRef = 84B1558D2E856E4C006C1523 /* SectionHeaderView.m */; };
		84B155912E856F18006C1523 /* GroupUserController.m in Sources */ = {isa = PBXBuildFile; fileRef = 84B155902E856F18006C1523 /* GroupUserController.m */; };
		84FAFE8F2E56CB5E00F3A51F /* avchat_ring.mp3 in Resources */ = {isa = PBXBuildFile; fileRef = 84FAFE8E2E56CB5E00F3A51F /* avchat_ring.mp3 */; };
		C758CCDA24EB7F5A003C406A /* AppDelegate.m in Sources */ = {isa = PBXBuildFile; fileRef = C758CCD924EB7F5A003C406A /* AppDelegate.m */; };
		C758CCE324EB7F5A003C406A /* Main.storyboard in Resources */ = {isa = PBXBuildFile; fileRef = C758CCE124EB7F5A003C406A /* Main.storyboard */; };
		C758CCE524EB7F5F003C406A /* Assets.xcassets in Resources */ = {isa = PBXBuildFile; fileRef = C758CCE424EB7F5F003C406A /* Assets.xcassets */; };
		C758CCE824EB7F5F003C406A /* LaunchScreen.storyboard in Resources */ = {isa = PBXBuildFile; fileRef = C758CCE624EB7F5F003C406A /* LaunchScreen.storyboard */; };
		C758CCEB24EB7F5F003C406A /* main.m in Sources */ = {isa = PBXBuildFile; fileRef = C758CCEA24EB7F5F003C406A /* main.m */; };
		C7664EC62511AE1E005E26A2 /* NEPSTNViewController.m in Sources */ = {isa = PBXBuildFile; fileRef = C7664E772511AE1D005E26A2 /* NEPSTNViewController.m */; };
		C7664EC72511AE1E005E26A2 /* NERtcContactsViewController.m in Sources */ = {isa = PBXBuildFile; fileRef = C7664E782511AE1D005E26A2 /* NERtcContactsViewController.m */; };
		C7664EC82511AE1E005E26A2 /* NESearchTask.m in Sources */ = {isa = PBXBuildFile; fileRef = C7664E7D2511AE1D005E26A2 /* NESearchTask.m */; };
		C7664EC92511AE1E005E26A2 /* NERtcVideoCallModel.m in Sources */ = {isa = PBXBuildFile; fileRef = C7664E832511AE1D005E26A2 /* NERtcVideoCallModel.m */; };
		C7664ECA2511AE1E005E26A2 /* NEUser.m in Sources */ = {isa = PBXBuildFile; fileRef = C7664E842511AE1D005E26A2 /* NEUser.m */; };
		C7664ECC2511AE1E005E26A2 /* NESendSmsCodeTask.m in Sources */ = {isa = PBXBuildFile; fileRef = C7664E8A2511AE1D005E26A2 /* NESendSmsCodeTask.m */; };
		C7664ECD2511AE1E005E26A2 /* NEAccountTask.m in Sources */ = {isa = PBXBuildFile; fileRef = C7664E8B2511AE1D005E26A2 /* NEAccountTask.m */; };
		C7664ECE2511AE1E005E26A2 /* NEAccountTask.m in Sources */ = {isa = PBXBuildFile; fileRef = C7664E8E2511AE1D005E26A2 /* NEAccountTask.m */; };
		C7664ECF2511AE1E005E26A2 /* NTFInputSmsVC.m in Sources */ = {isa = PBXBuildFile; fileRef = C7664E912511AE1D005E26A2 /* NTFInputSmsVC.m */; };
		C7664ED02511AE1E005E26A2 /* NELoginOptions.m in Sources */ = {isa = PBXBuildFile; fileRef = C7664E922511AE1D005E26A2 /* NELoginOptions.m */; };
		C7664ED12511AE1E005E26A2 /* NTELoginVC.m in Sources */ = {isa = PBXBuildFile; fileRef = C7664E952511AE1D005E26A2 /* NTELoginVC.m */; };
		C7664ED22511AE1E005E26A2 /* NECountDownButton.m in Sources */ = {isa = PBXBuildFile; fileRef = C7664E962511AE1D005E26A2 /* NECountDownButton.m */; };
		C7664ED32511AE1E005E26A2 /* NTFSmsInputView.m in Sources */ = {isa = PBXBuildFile; fileRef = C7664E992511AE1D005E26A2 /* NTFSmsInputView.m */; };
		C7664ED42511AE1E005E26A2 /* NEMenuCell.m in Sources */ = {isa = PBXBuildFile; fileRef = C7664E9C2511AE1D005E26A2 /* NEMenuCell.m */; };
		C7664ED52511AE1E005E26A2 /* NEMenuViewController.m in Sources */ = {isa = PBXBuildFile; fileRef = C7664E9D2511AE1D005E26A2 /* NEMenuViewController.m */; };
		C7664ED62511AE1E005E26A2 /* NENavCustomView.m in Sources */ = {isa = PBXBuildFile; fileRef = C7664E9E2511AE1D005E26A2 /* NENavCustomView.m */; };
		C7664ED72511AE1E005E26A2 /* NETask.m in Sources */ = {isa = PBXBuildFile; fileRef = C7664EA42511AE1D005E26A2 /* NETask.m */; };
		C7664ED82511AE1E005E26A2 /* NEService.m in Sources */ = {isa = PBXBuildFile; fileRef = C7664EA62511AE1D005E26A2 /* NEService.m */; };
		C7664ED92511AE1E005E26A2 /* UIView+NTES.m in Sources */ = {isa = PBXBuildFile; fileRef = C7664EAB2511AE1D005E26A2 /* UIView+NTES.m */; };
		C7664EDA2511AE1E005E26A2 /* UIImage+NTES.m in Sources */ = {isa = PBXBuildFile; fileRef = C7664EAE2511AE1D005E26A2 /* UIImage+NTES.m */; };
		C7664EDB2511AE1E005E26A2 /* UIColor+NTES.m in Sources */ = {isa = PBXBuildFile; fileRef = C7664EB02511AE1D005E26A2 /* UIColor+NTES.m */; };
		C7664EDC2511AE1E005E26A2 /* NSDictionary+NTESJson.m in Sources */ = {isa = PBXBuildFile; fileRef = C7664EB12511AE1D005E26A2 /* NSDictionary+NTESJson.m */; };
		C7664EDD2511AE1E005E26A2 /* NECallBaseViewController.m in Sources */ = {isa = PBXBuildFile; fileRef = C7664EB42511AE1D005E26A2 /* NECallBaseViewController.m */; };
		C7664EDE2511AE1E005E26A2 /* NSMacro.m in Sources */ = {isa = PBXBuildFile; fileRef = C7664EB62511AE1D005E26A2 /* NSMacro.m */; };
		C7664EDF2511AE1E005E26A2 /* NENavigator.m in Sources */ = {isa = PBXBuildFile; fileRef = C7664EBA2511AE1D005E26A2 /* NENavigator.m */; };
		C7664EE02511AE1E005E26A2 /* NEAccount.m in Sources */ = {isa = PBXBuildFile; fileRef = C7664EBD2511AE1D005E26A2 /* NEAccount.m */; };
		DD5D75E52A246E3600DA41B2 /* CustomVideoCallingController.m in Sources */ = {isa = PBXBuildFile; fileRef = DD5D75E42A246E3600DA41B2 /* CustomVideoCallingController.m */; };
/* End PBXBuildFile section */

/* Begin PBXFileReference section */
		013B53912890FF4F002CB1AA /* DataManager.h */ = {isa = PBXFileReference; lastKnownFileType = sourcecode.c.h; path = DataManager.h; sourceTree = "<group>"; };
		013B53922890FF4F002CB1AA /* DataManager.m */ = {isa = PBXFileReference; lastKnownFileType = sourcecode.c.objc; path = DataManager.m; sourceTree = "<group>"; };
		013B53942892A4D2002CB1AA /* Attachment.h */ = {isa = PBXFileReference; lastKnownFileType = sourcecode.c.h; path = Attachment.h; sourceTree = "<group>"; };
		013B53952892A4D2002CB1AA /* Attachment.m */ = {isa = PBXFileReference; lastKnownFileType = sourcecode.c.objc; path = Attachment.m; sourceTree = "<group>"; };
		01A4EAD628FCE8170022D204 /* GroupSettingViewController.h */ = {isa = PBXFileReference; lastKnownFileType = sourcecode.c.h; path = GroupSettingViewController.h; sourceTree = "<group>"; };
		01A4EAD728FCE8170022D204 /* GroupSettingViewController.m */ = {isa = PBXFileReference; lastKnownFileType = sourcecode.c.objc; path = GroupSettingViewController.m; sourceTree = "<group>"; };
		01C0D040288504B000B796BA /* NEGroupContactsController.h */ = {isa = PBXFileReference; lastKnownFileType = sourcecode.c.h; path = NEGroupContactsController.h; sourceTree = "<group>"; };
		01C0D041288504B000B796BA /* NEGroupContactsController.m */ = {isa = PBXFileReference; lastKnownFileType = sourcecode.c.objc; path = NEGroupContactsController.m; sourceTree = "<group>"; };
		01C0D04B288687E900B796BA /* GroupUserViewCell.h */ = {isa = PBXFileReference; lastKnownFileType = sourcecode.c.h; path = GroupUserViewCell.h; sourceTree = "<group>"; };
		01C0D04C288687E900B796BA /* GroupUserViewCell.m */ = {isa = PBXFileReference; lastKnownFileType = sourcecode.c.objc; path = GroupUserViewCell.m; sourceTree = "<group>"; };
		01C0D05E288B89D200B796BA /* UICollectionViewLeftAlignedLayout.h */ = {isa = PBXFileReference; lastKnownFileType = sourcecode.c.h; path = UICollectionViewLeftAlignedLayout.h; sourceTree = "<group>"; };
		01C0D05F288B89D200B796BA /* UICollectionViewLeftAlignedLayout.m */ = {isa = PBXFileReference; lastKnownFileType = sourcecode.c.objc; path = UICollectionViewLeftAlignedLayout.m; sourceTree = "<group>"; };
		01C8348628A9D54200B87F45 /* zh-Hans */ = {isa = PBXFileReference; lastKnownFileType = text.plist.strings; name = "zh-Hans"; path = "zh-Hans.lproj/Main.strings"; sourceTree = "<group>"; };
		01C8348728A9D54300B87F45 /* zh-Hans */ = {isa = PBXFileReference; lastKnownFileType = text.plist.strings; name = "zh-Hans"; path = "zh-Hans.lproj/LaunchScreen.strings"; sourceTree = "<group>"; };
		01C8348B28A9D5F700B87F45 /* zh-Hans */ = {isa = PBXFileReference; lastKnownFileType = text.plist.strings; name = "zh-Hans"; path = "zh-Hans.lproj/Localizable.strings"; sourceTree = "<group>"; };
		01C8348D28A9D5FB00B87F45 /* en */ = {isa = PBXFileReference; lastKnownFileType = text.plist.strings; name = en; path = en.lproj/Localizable.strings; sourceTree = "<group>"; };
		261B1AF72A823F2A0049FEF8 /* NECallCustomController.h */ = {isa = PBXFileReference; fileEncoding = 4; lastKnownFileType = sourcecode.c.h; path = NECallCustomController.h; sourceTree = "<group>"; };
		261B1AF82A823F3D0049FEF8 /* NECallCustomController.m */ = {isa = PBXFileReference; fileEncoding = 4; lastKnownFileType = sourcecode.c.objc; path = NECallCustomController.m; sourceTree = "<group>"; };
		2670D82026EB878300DF2A29 /* NERtcCallKit.framework */ = {isa = PBXFileReference; explicitFileType = wrapper.framework; path = NERtcCallKit.framework; sourceTree = BUILT_PRODUCTS_DIR; };
		26A00C7F271812A4007849FA /* NESearchResultCell.h */ = {isa = PBXFileReference; fileEncoding = 4; lastKnownFileType = sourcecode.c.h; path = NESearchResultCell.h; sourceTree = "<group>"; };
		26A00C80271812A4007849FA /* NECallStatusRecordCell.m */ = {isa = PBXFileReference; fileEncoding = 4; lastKnownFileType = sourcecode.c.objc; path = NECallStatusRecordCell.m; sourceTree = "<group>"; };
		26A00C86271812A4007849FA /* NECallStatusRecordCell.h */ = {isa = PBXFileReference; fileEncoding = 4; lastKnownFileType = sourcecode.c.h; path = NECallStatusRecordCell.h; sourceTree = "<group>"; };
		26A00C87271812A4007849FA /* NESearchResultCell.m */ = {isa = PBXFileReference; fileEncoding = 4; lastKnownFileType = sourcecode.c.objc; path = NESearchResultCell.m; sourceTree = "<group>"; };
		26A00C9827181563007849FA /* NECallStatusRecordModel.h */ = {isa = PBXFileReference; lastKnownFileType = sourcecode.c.h; path = NECallStatusRecordModel.h; sourceTree = "<group>"; };
		26A00C9927181563007849FA /* NECallStatusRecordModel.m */ = {isa = PBXFileReference; lastKnownFileType = sourcecode.c.objc; path = NECallStatusRecordModel.m; sourceTree = "<group>"; };
		26D0C57A2A82299800D13ED0 /* SettingManager.h */ = {isa = PBXFileReference; fileEncoding = 4; lastKnownFileType = sourcecode.c.h; path = SettingManager.h; sourceTree = "<group>"; };
		26D0C57B2A82299800D13ED0 /* SettingManager.m */ = {isa = PBXFileReference; fileEncoding = 4; lastKnownFileType = sourcecode.c.objc; path = SettingManager.m; sourceTree = "<group>"; };
		26FECA5F26F2E6330004F76C /* libReactiveObjC.a */ = {isa = PBXFileReference; explicitFileType = archive.ar; path = libReactiveObjC.a; sourceTree = BUILT_PRODUCTS_DIR; };
		4B2DC1E42758B4AD00339D96 /* NECallKitPstn.framework */ = {isa = PBXFileReference; explicitFileType = wrapper.framework; path = NECallKitPstn.framework; sourceTree = BUILT_PRODUCTS_DIR; };
		4B4493072770A63500478829 /* NERtcCallKit+Demo.h */ = {isa = PBXFileReference; lastKnownFileType = sourcecode.c.h; path = "NERtcCallKit+Demo.h"; sourceTree = "<group>"; };
		4B4493082770A63500478829 /* NERtcCallKit+Demo.m */ = {isa = PBXFileReference; lastKnownFileType = sourcecode.c.objc; path = "NERtcCallKit+Demo.m"; sourceTree = "<group>"; };
		4B9F0F2B275E2A5300EACC04 /* NERtcSettingViewController.h */ = {isa = PBXFileReference; lastKnownFileType = sourcecode.c.h; path = NERtcSettingViewController.h; sourceTree = "<group>"; };
		4B9F0F2C275E2A5300EACC04 /* NERtcSettingViewController.m */ = {isa = PBXFileReference; lastKnownFileType = sourcecode.c.objc; path = NERtcSettingViewController.m; sourceTree = "<group>"; };
		4BA14010271E50E200B7148C /* NSArray+NTES.h */ = {isa = PBXFileReference; lastKnownFileType = sourcecode.c.h; path = "NSArray+NTES.h"; sourceTree = "<group>"; };
		4BA14011271E50E200B7148C /* NSArray+NTES.m */ = {isa = PBXFileReference; lastKnownFileType = sourcecode.c.objc; path = "NSArray+NTES.m"; sourceTree = "<group>"; };
		54AD12842CE3514B00F0F370 /* NECallUISettingViewController.h */ = {isa = PBXFileReference; fileEncoding = 4; lastKnownFileType = sourcecode.c.h; path = NECallUISettingViewController.h; sourceTree = "<group>"; };
		54AD12852CE3514B00F0F370 /* NECallUISettingViewController.m */ = {isa = PBXFileReference; fileEncoding = 4; lastKnownFileType = sourcecode.c.objc; path = NECallUISettingViewController.m; sourceTree = "<group>"; };
		6AFFCCD18BE65F0020ACC0E8 /* Pods-OTODemo-NLiteAVDemo.debug.xcconfig */ = {isa = PBXFileReference; includeInIndex = 1; lastKnownFileType = text.xcconfig; name = "Pods-OTODemo-NLiteAVDemo.debug.xcconfig"; path = "Target Support Files/Pods-OTODemo-NLiteAVDemo/Pods-OTODemo-NLiteAVDemo.debug.xcconfig"; sourceTree = "<group>"; };
		84B1558C2E856E4C006C1523 /* SectionHeaderView.h */ = {isa = PBXFileReference; lastKnownFileType = sourcecode.c.h; path = SectionHeaderView.h; sourceTree = "<group>"; };
		84B1558D2E856E4C006C1523 /* SectionHeaderView.m */ = {isa = PBXFileReference; lastKnownFileType = sourcecode.c.objc; path = SectionHeaderView.m; sourceTree = "<group>"; };
		84B1558F2E856F18006C1523 /* GroupUserController.h */ = {isa = PBXFileReference; lastKnownFileType = sourcecode.c.h; path = GroupUserController.h; sourceTree = "<group>"; };
		84B155902E856F18006C1523 /* GroupUserController.m */ = {isa = PBXFileReference; lastKnownFileType = sourcecode.c.objc; path = GroupUserController.m; sourceTree = "<group>"; };
		84FAFE8E2E56CB5E00F3A51F /* avchat_ring.mp3 */ = {isa = PBXFileReference; lastKnownFileType = audio.mp3; path = avchat_ring.mp3; sourceTree = "<group>"; };
		890A3C73BFF223F57ED1181D /* Pods_NLiteAVDemo.framework */ = {isa = PBXFileReference; explicitFileType = wrapper.framework; includeInIndex = 0; path = Pods_NLiteAVDemo.framework; sourceTree = BUILT_PRODUCTS_DIR; };
		9C3E631E57C6DCADE269362E /* Pods-NLiteAVDemo.debug.xcconfig */ = {isa = PBXFileReference; includeInIndex = 1; lastKnownFileType = text.xcconfig; name = "Pods-NLiteAVDemo.debug.xcconfig"; path = "Target Support Files/Pods-NLiteAVDemo/Pods-NLiteAVDemo.debug.xcconfig"; sourceTree = "<group>"; };
		A84D31FDFABDF2E2C364A07D /* Pods-OTODemo-NLiteAVDemo.release.xcconfig */ = {isa = PBXFileReference; includeInIndex = 1; lastKnownFileType = text.xcconfig; name = "Pods-OTODemo-NLiteAVDemo.release.xcconfig"; path = "Target Support Files/Pods-OTODemo-NLiteAVDemo/Pods-OTODemo-NLiteAVDemo.release.xcconfig"; sourceTree = "<group>"; };
		C728EEE32500D77D00D27176 /* AppKey.h */ = {isa = PBXFileReference; lastKnownFileType = sourcecode.c.h; path = AppKey.h; sourceTree = "<group>"; };
		C758CCD524EB7F5A003C406A /* videocall.app */ = {isa = PBXFileReference; explicitFileType = wrapper.application; includeInIndex = 0; path = videocall.app; sourceTree = BUILT_PRODUCTS_DIR; };
		C758CCD824EB7F5A003C406A /* AppDelegate.h */ = {isa = PBXFileReference; lastKnownFileType = sourcecode.c.h; path = AppDelegate.h; sourceTree = "<group>"; };
		C758CCD924EB7F5A003C406A /* AppDelegate.m */ = {isa = PBXFileReference; indentWidth = 2; lastKnownFileType = sourcecode.c.objc; path = AppDelegate.m; sourceTree = "<group>"; };
		C758CCE224EB7F5A003C406A /* Base */ = {isa = PBXFileReference; lastKnownFileType = file.storyboard; name = Base; path = Base.lproj/Main.storyboard; sourceTree = "<group>"; };
		C758CCE424EB7F5F003C406A /* Assets.xcassets */ = {isa = PBXFileReference; lastKnownFileType = folder.assetcatalog; path = Assets.xcassets; sourceTree = "<group>"; };
		C758CCE724EB7F5F003C406A /* Base */ = {isa = PBXFileReference; lastKnownFileType = file.storyboard; name = Base; path = Base.lproj/LaunchScreen.storyboard; sourceTree = "<group>"; };
		C758CCE924EB7F5F003C406A /* Info.plist */ = {isa = PBXFileReference; lastKnownFileType = text.plist.xml; path = Info.plist; sourceTree = "<group>"; };
		C758CCEA24EB7F5F003C406A /* main.m */ = {isa = PBXFileReference; lastKnownFileType = sourcecode.c.objc; path = main.m; sourceTree = "<group>"; };
		C7664E772511AE1D005E26A2 /* NEPSTNViewController.m */ = {isa = PBXFileReference; fileEncoding = 4; lastKnownFileType = sourcecode.c.objc; path = NEPSTNViewController.m; sourceTree = "<group>"; };
		C7664E782511AE1D005E26A2 /* NERtcContactsViewController.m */ = {isa = PBXFileReference; fileEncoding = 4; lastKnownFileType = sourcecode.c.objc; path = NERtcContactsViewController.m; sourceTree = "<group>"; };
		C7664E792511AE1D005E26A2 /* NERtcContactsViewController.h */ = {isa = PBXFileReference; fileEncoding = 4; lastKnownFileType = sourcecode.c.h; path = NERtcContactsViewController.h; sourceTree = "<group>"; };
		C7664E7A2511AE1D005E26A2 /* NEPSTNViewController.h */ = {isa = PBXFileReference; fileEncoding = 4; lastKnownFileType = sourcecode.c.h; path = NEPSTNViewController.h; sourceTree = "<group>"; };
		C7664E7C2511AE1D005E26A2 /* NESearchTask.h */ = {isa = PBXFileReference; fileEncoding = 4; lastKnownFileType = sourcecode.c.h; path = NESearchTask.h; sourceTree = "<group>"; };
		C7664E7D2511AE1D005E26A2 /* NESearchTask.m */ = {isa = PBXFileReference; fileEncoding = 4; lastKnownFileType = sourcecode.c.objc; path = NESearchTask.m; sourceTree = "<group>"; };
		C7664E7F2511AE1D005E26A2 /* NERtcVideoCallModel.h */ = {isa = PBXFileReference; fileEncoding = 4; lastKnownFileType = sourcecode.c.h; path = NERtcVideoCallModel.h; sourceTree = "<group>"; };
		C7664E802511AE1D005E26A2 /* NEUser.h */ = {isa = PBXFileReference; fileEncoding = 4; lastKnownFileType = sourcecode.c.h; path = NEUser.h; sourceTree = "<group>"; };
		C7664E832511AE1D005E26A2 /* NERtcVideoCallModel.m */ = {isa = PBXFileReference; fileEncoding = 4; lastKnownFileType = sourcecode.c.objc; path = NERtcVideoCallModel.m; sourceTree = "<group>"; };
		C7664E842511AE1D005E26A2 /* NEUser.m */ = {isa = PBXFileReference; fileEncoding = 4; lastKnownFileType = sourcecode.c.objc; path = NEUser.m; sourceTree = "<group>"; };
		C7664E882511AE1D005E26A2 /* NEAccountTask.h */ = {isa = PBXFileReference; fileEncoding = 4; lastKnownFileType = sourcecode.c.h; path = NEAccountTask.h; sourceTree = "<group>"; };
		C7664E892511AE1D005E26A2 /* NESendSmsCodeTask.h */ = {isa = PBXFileReference; fileEncoding = 4; lastKnownFileType = sourcecode.c.h; path = NESendSmsCodeTask.h; sourceTree = "<group>"; };
		C7664E8A2511AE1D005E26A2 /* NESendSmsCodeTask.m */ = {isa = PBXFileReference; fileEncoding = 4; lastKnownFileType = sourcecode.c.objc; path = NESendSmsCodeTask.m; sourceTree = "<group>"; };
		C7664E8B2511AE1D005E26A2 /* NEAccountTask.m */ = {isa = PBXFileReference; fileEncoding = 4; lastKnownFileType = sourcecode.c.objc; path = NEAccountTask.m; sourceTree = "<group>"; };
		C7664E8D2511AE1D005E26A2 /* NEAccountTask.h */ = {isa = PBXFileReference; fileEncoding = 4; lastKnownFileType = sourcecode.c.h; path = NEAccountTask.h; sourceTree = "<group>"; };
		C7664E8E2511AE1D005E26A2 /* NEAccountTask.m */ = {isa = PBXFileReference; fileEncoding = 4; lastKnownFileType = sourcecode.c.objc; path = NEAccountTask.m; sourceTree = "<group>"; };
		C7664E902511AE1D005E26A2 /* NTELoginVC.h */ = {isa = PBXFileReference; fileEncoding = 4; lastKnownFileType = sourcecode.c.h; path = NTELoginVC.h; sourceTree = "<group>"; };
		C7664E912511AE1D005E26A2 /* NTFInputSmsVC.m */ = {isa = PBXFileReference; fileEncoding = 4; lastKnownFileType = sourcecode.c.objc; path = NTFInputSmsVC.m; sourceTree = "<group>"; };
		C7664E922511AE1D005E26A2 /* NELoginOptions.m */ = {isa = PBXFileReference; fileEncoding = 4; lastKnownFileType = sourcecode.c.objc; path = NELoginOptions.m; sourceTree = "<group>"; };
		C7664E932511AE1D005E26A2 /* NECountDownButton.h */ = {isa = PBXFileReference; fileEncoding = 4; lastKnownFileType = sourcecode.c.h; path = NECountDownButton.h; sourceTree = "<group>"; };
		C7664E942511AE1D005E26A2 /* NTFSmsInputView.h */ = {isa = PBXFileReference; fileEncoding = 4; lastKnownFileType = sourcecode.c.h; path = NTFSmsInputView.h; sourceTree = "<group>"; };
		C7664E952511AE1D005E26A2 /* NTELoginVC.m */ = {isa = PBXFileReference; fileEncoding = 4; lastKnownFileType = sourcecode.c.objc; path = NTELoginVC.m; sourceTree = "<group>"; };
		C7664E962511AE1D005E26A2 /* NECountDownButton.m */ = {isa = PBXFileReference; fileEncoding = 4; lastKnownFileType = sourcecode.c.objc; path = NECountDownButton.m; sourceTree = "<group>"; };
		C7664E972511AE1D005E26A2 /* NELoginOptions.h */ = {isa = PBXFileReference; fileEncoding = 4; lastKnownFileType = sourcecode.c.h; path = NELoginOptions.h; sourceTree = "<group>"; };
		C7664E982511AE1D005E26A2 /* NTFInputSmsVC.h */ = {isa = PBXFileReference; fileEncoding = 4; lastKnownFileType = sourcecode.c.h; path = NTFInputSmsVC.h; sourceTree = "<group>"; };
		C7664E992511AE1D005E26A2 /* NTFSmsInputView.m */ = {isa = PBXFileReference; fileEncoding = 4; lastKnownFileType = sourcecode.c.objc; path = NTFSmsInputView.m; sourceTree = "<group>"; };
		C7664E9C2511AE1D005E26A2 /* NEMenuCell.m */ = {isa = PBXFileReference; fileEncoding = 4; lastKnownFileType = sourcecode.c.objc; path = NEMenuCell.m; sourceTree = "<group>"; };
		C7664E9D2511AE1D005E26A2 /* NEMenuViewController.m */ = {isa = PBXFileReference; fileEncoding = 4; lastKnownFileType = sourcecode.c.objc; path = NEMenuViewController.m; sourceTree = "<group>"; };
		C7664E9E2511AE1D005E26A2 /* NENavCustomView.m */ = {isa = PBXFileReference; fileEncoding = 4; lastKnownFileType = sourcecode.c.objc; path = NENavCustomView.m; sourceTree = "<group>"; };
		C7664E9F2511AE1D005E26A2 /* NEMenuCell.h */ = {isa = PBXFileReference; fileEncoding = 4; lastKnownFileType = sourcecode.c.h; path = NEMenuCell.h; sourceTree = "<group>"; };
		C7664EA02511AE1D005E26A2 /* NENavCustomView.h */ = {isa = PBXFileReference; fileEncoding = 4; lastKnownFileType = sourcecode.c.h; path = NENavCustomView.h; sourceTree = "<group>"; };
		C7664EA12511AE1D005E26A2 /* NEMenuViewController.h */ = {isa = PBXFileReference; fileEncoding = 4; lastKnownFileType = sourcecode.c.h; path = NEMenuViewController.h; sourceTree = "<group>"; };
		C7664EA32511AE1D005E26A2 /* NEService.h */ = {isa = PBXFileReference; fileEncoding = 4; lastKnownFileType = sourcecode.c.h; path = NEService.h; sourceTree = "<group>"; };
		C7664EA42511AE1D005E26A2 /* NETask.m */ = {isa = PBXFileReference; fileEncoding = 4; lastKnownFileType = sourcecode.c.objc; path = NETask.m; sourceTree = "<group>"; };
		C7664EA52511AE1D005E26A2 /* NEServiceTask.h */ = {isa = PBXFileReference; fileEncoding = 4; lastKnownFileType = sourcecode.c.h; path = NEServiceTask.h; sourceTree = "<group>"; };
		C7664EA62511AE1D005E26A2 /* NEService.m */ = {isa = PBXFileReference; fileEncoding = 4; lastKnownFileType = sourcecode.c.objc; path = NEService.m; sourceTree = "<group>"; };
		C7664EA72511AE1D005E26A2 /* NETask.h */ = {isa = PBXFileReference; fileEncoding = 4; lastKnownFileType = sourcecode.c.h; path = NETask.h; sourceTree = "<group>"; };
		C7664EAA2511AE1D005E26A2 /* UIColor+NTES.h */ = {isa = PBXFileReference; fileEncoding = 4; lastKnownFileType = sourcecode.c.h; path = "UIColor+NTES.h"; sourceTree = "<group>"; };
		C7664EAB2511AE1D005E26A2 /* UIView+NTES.m */ = {isa = PBXFileReference; fileEncoding = 4; lastKnownFileType = sourcecode.c.objc; path = "UIView+NTES.m"; sourceTree = "<group>"; };
		C7664EAC2511AE1D005E26A2 /* UIImage+NTES.h */ = {isa = PBXFileReference; fileEncoding = 4; lastKnownFileType = sourcecode.c.h; path = "UIImage+NTES.h"; sourceTree = "<group>"; };
		C7664EAD2511AE1D005E26A2 /* NSDictionary+NTESJson.h */ = {isa = PBXFileReference; fileEncoding = 4; lastKnownFileType = sourcecode.c.h; path = "NSDictionary+NTESJson.h"; sourceTree = "<group>"; };
		C7664EAE2511AE1D005E26A2 /* UIImage+NTES.m */ = {isa = PBXFileReference; fileEncoding = 4; lastKnownFileType = sourcecode.c.objc; path = "UIImage+NTES.m"; sourceTree = "<group>"; };
		C7664EAF2511AE1D005E26A2 /* UIView+NTES.h */ = {isa = PBXFileReference; fileEncoding = 4; lastKnownFileType = sourcecode.c.h; path = "UIView+NTES.h"; sourceTree = "<group>"; };
		C7664EB02511AE1D005E26A2 /* UIColor+NTES.m */ = {isa = PBXFileReference; fileEncoding = 4; lastKnownFileType = sourcecode.c.objc; path = "UIColor+NTES.m"; sourceTree = "<group>"; };
		C7664EB12511AE1D005E26A2 /* NSDictionary+NTESJson.m */ = {isa = PBXFileReference; fileEncoding = 4; lastKnownFileType = sourcecode.c.objc; path = "NSDictionary+NTESJson.m"; sourceTree = "<group>"; };
		C7664EB32511AE1D005E26A2 /* NECallBaseViewController.h */ = {isa = PBXFileReference; fileEncoding = 4; lastKnownFileType = sourcecode.c.h; path = NECallBaseViewController.h; sourceTree = "<group>"; };
		C7664EB42511AE1D005E26A2 /* NECallBaseViewController.m */ = {isa = PBXFileReference; fileEncoding = 4; lastKnownFileType = sourcecode.c.objc; path = NECallBaseViewController.m; sourceTree = "<group>"; };
		C7664EB62511AE1D005E26A2 /* NSMacro.m */ = {isa = PBXFileReference; fileEncoding = 4; lastKnownFileType = sourcecode.c.objc; path = NSMacro.m; sourceTree = "<group>"; };
		C7664EB72511AE1D005E26A2 /* NSMacro.h */ = {isa = PBXFileReference; fileEncoding = 4; lastKnownFileType = sourcecode.c.h; path = NSMacro.h; sourceTree = "<group>"; };
		C7664EB92511AE1D005E26A2 /* NENavigator.h */ = {isa = PBXFileReference; fileEncoding = 4; lastKnownFileType = sourcecode.c.h; path = NENavigator.h; sourceTree = "<group>"; };
		C7664EBA2511AE1D005E26A2 /* NENavigator.m */ = {isa = PBXFileReference; fileEncoding = 4; lastKnownFileType = sourcecode.c.objc; path = NENavigator.m; sourceTree = "<group>"; };
		C7664EBC2511AE1D005E26A2 /* NEAccount.h */ = {isa = PBXFileReference; fileEncoding = 4; lastKnownFileType = sourcecode.c.h; path = NEAccount.h; sourceTree = "<group>"; };
		C7664EBD2511AE1D005E26A2 /* NEAccount.m */ = {isa = PBXFileReference; fileEncoding = 4; lastKnownFileType = sourcecode.c.objc; path = NEAccount.m; sourceTree = "<group>"; };
		C7B5068624F6439E00C4D992 /* NLiteAVDemo.entitlements */ = {isa = PBXFileReference; lastKnownFileType = text.plist.entitlements; path = NLiteAVDemo.entitlements; sourceTree = "<group>"; };
		C7D05B1E24EE2E3E00079BF5 /* PrefixHeader.pch */ = {isa = PBXFileReference; lastKnownFileType = sourcecode.c.h; path = PrefixHeader.pch; sourceTree = "<group>"; };
		DD5D75E32A246E3600DA41B2 /* CustomVideoCallingController.h */ = {isa = PBXFileReference; lastKnownFileType = sourcecode.c.h; path = CustomVideoCallingController.h; sourceTree = "<group>"; };
		DD5D75E42A246E3600DA41B2 /* CustomVideoCallingController.m */ = {isa = PBXFileReference; lastKnownFileType = sourcecode.c.objc; path = CustomVideoCallingController.m; sourceTree = "<group>"; };
		F529C3FC806BA1848C19DF0C /* Pods-NLiteAVDemo.release.xcconfig */ = {isa = PBXFileReference; includeInIndex = 1; lastKnownFileType = text.xcconfig; name = "Pods-NLiteAVDemo.release.xcconfig"; path = "Target Support Files/Pods-NLiteAVDemo/Pods-NLiteAVDemo.release.xcconfig"; sourceTree = "<group>"; };
/* End PBXFileReference section */

/* Begin PBXFrameworksBuildPhase section */
		C758CCD224EB7F5A003C406A /* Frameworks */ = {
			isa = PBXFrameworksBuildPhase;
			buildActionMask = 2147483647;
			files = (
				65F51E0653EC27F8380D7A83 /* Pods_NLiteAVDemo.framework in Frameworks */,
			);
			runOnlyForDeploymentPostprocessing = 0;
		};
/* End PBXFrameworksBuildPhase section */

/* Begin PBXGroup section */
		01C0D03B2885019800B796BA /* GroupUI */ = {
			isa = PBXGroup;
			children = (
				01C0D04A2886878100B796BA /* View */,
				01C0D03C288501B000B796BA /* Controller */,
			);
			path = GroupUI;
			sourceTree = "<group>";
		};
		01C0D03C288501B000B796BA /* Controller */ = {
			isa = PBXGroup;
			children = (
				84B1558F2E856F18006C1523 /* GroupUserController.h */,
				84B155902E856F18006C1523 /* GroupUserController.m */,
				01C0D040288504B000B796BA /* NEGroupContactsController.h */,
				01C0D041288504B000B796BA /* NEGroupContactsController.m */,
				013B53942892A4D2002CB1AA /* Attachment.h */,
				013B53952892A4D2002CB1AA /* Attachment.m */,
				01A4EAD628FCE8170022D204 /* GroupSettingViewController.h */,
				01A4EAD728FCE8170022D204 /* GroupSettingViewController.m */,
			);
			path = Controller;
			sourceTree = "<group>";
		};
		01C0D04A2886878100B796BA /* View */ = {
			isa = PBXGroup;
			children = (
				01C0D04B288687E900B796BA /* GroupUserViewCell.h */,
				01C0D04C288687E900B796BA /* GroupUserViewCell.m */,
			);
			path = View;
			sourceTree = "<group>";
		};
		01C0D05D288B899F00B796BA /* Layout */ = {
			isa = PBXGroup;
			children = (
				01C0D05E288B89D200B796BA /* UICollectionViewLeftAlignedLayout.h */,
				01C0D05F288B89D200B796BA /* UICollectionViewLeftAlignedLayout.m */,
			);
			path = Layout;
			sourceTree = "<group>";
		};
		26A00C7C271812A4007849FA /* View */ = {
			isa = PBXGroup;
			children = (
				84B1558C2E856E4C006C1523 /* SectionHeaderView.h */,
				84B1558D2E856E4C006C1523 /* SectionHeaderView.m */,
				26A00C86271812A4007849FA /* NECallStatusRecordCell.h */,
				C7664E9D2511AE1D005E26A2 /* NEMenuViewController.m */,
				26A00C80271812A4007849FA /* NECallStatusRecordCell.m */,
				26A00C7F271812A4007849FA /* NESearchResultCell.h */,
				26A00C87271812A4007849FA /* NESearchResultCell.m */,
			);
			path = View;
			sourceTree = "<group>";
		};
		39278A13850E2BDF727DCC9E /* Frameworks */ = {
			isa = PBXGroup;
			children = (
				4B2DC1E42758B4AD00339D96 /* NECallKitPstn.framework */,
				26FECA5F26F2E6330004F76C /* libReactiveObjC.a */,
				2670D82026EB878300DF2A29 /* NERtcCallKit.framework */,
				890A3C73BFF223F57ED1181D /* Pods_NLiteAVDemo.framework */,
			);
			name = Frameworks;
			sourceTree = "<group>";
		};
		4BA74BCD272129E00088189C /* Manager */ = {
			isa = PBXGroup;
			children = (
				26D0C57A2A82299800D13ED0 /* SettingManager.h */,
				26D0C57B2A82299800D13ED0 /* SettingManager.m */,
				013B53912890FF4F002CB1AA /* DataManager.h */,
				013B53922890FF4F002CB1AA /* DataManager.m */,
			);
			path = Manager;
			sourceTree = "<group>";
		};
		C758CCCC24EB7F5A003C406A = {
			isa = PBXGroup;
			children = (
				C758CCD724EB7F5A003C406A /* NLiteAVDemo */,
				C758CCD624EB7F5A003C406A /* Products */,
				ED60ED5323840FB0919BFBAC /* Pods */,
				39278A13850E2BDF727DCC9E /* Frameworks */,
			);
			sourceTree = "<group>";
		};
		C758CCD624EB7F5A003C406A /* Products */ = {
			isa = PBXGroup;
			children = (
				C758CCD524EB7F5A003C406A /* videocall.app */,
			);
			name = Products;
			sourceTree = "<group>";
		};
		C758CCD724EB7F5A003C406A /* NLiteAVDemo */ = {
			isa = PBXGroup;
			children = (
				DD5D75E22A246D3700DA41B2 /* Custom */,
				C7664E862511AE1D005E26A2 /* Login */,
				C7664E9A2511AE1D005E26A2 /* Menu */,
				C7664E632511AE1D005E26A2 /* NERtcVideoCall */,
				C7664EA22511AE1D005E26A2 /* Service */,
				C7664EA82511AE1D005E26A2 /* Utils */,
				C7B5068624F6439E00C4D992 /* NLiteAVDemo.entitlements */,
				C758CCD824EB7F5A003C406A /* AppDelegate.h */,
				C758CCD924EB7F5A003C406A /* AppDelegate.m */,
				C728EEE32500D77D00D27176 /* AppKey.h */,
				84FAFE8E2E56CB5E00F3A51F /* avchat_ring.mp3 */,
				C758CCE124EB7F5A003C406A /* Main.storyboard */,
				C758CCE424EB7F5F003C406A /* Assets.xcassets */,
				C758CCE624EB7F5F003C406A /* LaunchScreen.storyboard */,
				C758CCE924EB7F5F003C406A /* Info.plist */,
				C758CCEA24EB7F5F003C406A /* main.m */,
				01C8348C28A9D5F700B87F45 /* Localizable.strings */,
				C7D05B1E24EE2E3E00079BF5 /* PrefixHeader.pch */,
			);
			path = NLiteAVDemo;
			sourceTree = "<group>";
		};
		C7664E632511AE1D005E26A2 /* NERtcVideoCall */ = {
			isa = PBXGroup;
			children = (
				01C0D03B2885019800B796BA /* GroupUI */,
				C7664E642511AE1D005E26A2 /* UI */,
				C7664E7B2511AE1D005E26A2 /* Task */,
				C7664E7E2511AE1D005E26A2 /* Model */,
			);
			path = NERtcVideoCall;
			sourceTree = "<group>";
		};
		C7664E642511AE1D005E26A2 /* UI */ = {
			isa = PBXGroup;
			children = (
				26A00C7C271812A4007849FA /* View */,
				C7664E762511AE1D005E26A2 /* ViewController */,
			);
			path = UI;
			sourceTree = "<group>";
		};
		C7664E762511AE1D005E26A2 /* ViewController */ = {
			isa = PBXGroup;
			children = (
				54AD12842CE3514B00F0F370 /* NECallUISettingViewController.h */,
				54AD12852CE3514B00F0F370 /* NECallUISettingViewController.m */,
				C7664E7A2511AE1D005E26A2 /* NEPSTNViewController.h */,
				C7664E772511AE1D005E26A2 /* NEPSTNViewController.m */,
				C7664E792511AE1D005E26A2 /* NERtcContactsViewController.h */,
				C7664E782511AE1D005E26A2 /* NERtcContactsViewController.m */,
				4B9F0F2B275E2A5300EACC04 /* NERtcSettingViewController.h */,
				4B9F0F2C275E2A5300EACC04 /* NERtcSettingViewController.m */,
			);
			path = ViewController;
			sourceTree = "<group>";
		};
		C7664E7B2511AE1D005E26A2 /* Task */ = {
			isa = PBXGroup;
			children = (
				C7664E7C2511AE1D005E26A2 /* NESearchTask.h */,
				C7664E7D2511AE1D005E26A2 /* NESearchTask.m */,
			);
			path = Task;
			sourceTree = "<group>";
		};
		C7664E7E2511AE1D005E26A2 /* Model */ = {
			isa = PBXGroup;
			children = (
				C7664E7F2511AE1D005E26A2 /* NERtcVideoCallModel.h */,
				C7664E832511AE1D005E26A2 /* NERtcVideoCallModel.m */,
				C7664E802511AE1D005E26A2 /* NEUser.h */,
				C7664E842511AE1D005E26A2 /* NEUser.m */,
				26A00C9827181563007849FA /* NECallStatusRecordModel.h */,
				26A00C9927181563007849FA /* NECallStatusRecordModel.m */,
			);
			path = Model;
			sourceTree = "<group>";
		};
		C7664E862511AE1D005E26A2 /* Login */ = {
			isa = PBXGroup;
			children = (
				C7664E872511AE1D005E26A2 /* Task */,
				C7664E8C2511AE1D005E26A2 /* Model */,
				C7664E8F2511AE1D005E26A2 /* View */,
			);
			path = Login;
			sourceTree = "<group>";
		};
		C7664E872511AE1D005E26A2 /* Task */ = {
			isa = PBXGroup;
			children = (
				C7664E882511AE1D005E26A2 /* NEAccountTask.h */,
				C7664E892511AE1D005E26A2 /* NESendSmsCodeTask.h */,
				C7664E8B2511AE1D005E26A2 /* NEAccountTask.m */,
				C7664E8A2511AE1D005E26A2 /* NESendSmsCodeTask.m */,
			);
			path = Task;
			sourceTree = "<group>";
		};
		C7664E8C2511AE1D005E26A2 /* Model */ = {
			isa = PBXGroup;
			children = (
				C7664E8D2511AE1D005E26A2 /* NEAccountTask.h */,
				C7664E8E2511AE1D005E26A2 /* NEAccountTask.m */,
			);
			path = Model;
			sourceTree = "<group>";
		};
		C7664E8F2511AE1D005E26A2 /* View */ = {
			isa = PBXGroup;
			children = (
				C7664E932511AE1D005E26A2 /* NECountDownButton.h */,
				C7664E962511AE1D005E26A2 /* NECountDownButton.m */,
				C7664E972511AE1D005E26A2 /* NELoginOptions.h */,
				C7664E922511AE1D005E26A2 /* NELoginOptions.m */,
				C7664E902511AE1D005E26A2 /* NTELoginVC.h */,
				C7664E952511AE1D005E26A2 /* NTELoginVC.m */,
				C7664E982511AE1D005E26A2 /* NTFInputSmsVC.h */,
				C7664E912511AE1D005E26A2 /* NTFInputSmsVC.m */,
				C7664E942511AE1D005E26A2 /* NTFSmsInputView.h */,
				C7664E992511AE1D005E26A2 /* NTFSmsInputView.m */,
			);
			path = View;
			sourceTree = "<group>";
		};
		C7664E9A2511AE1D005E26A2 /* Menu */ = {
			isa = PBXGroup;
			children = (
				C7664E9B2511AE1D005E26A2 /* View */,
			);
			path = Menu;
			sourceTree = "<group>";
		};
		C7664E9B2511AE1D005E26A2 /* View */ = {
			isa = PBXGroup;
			children = (
				C7664E9F2511AE1D005E26A2 /* NEMenuCell.h */,
				C7664E9C2511AE1D005E26A2 /* NEMenuCell.m */,
				C7664EA12511AE1D005E26A2 /* NEMenuViewController.h */,
				C7664EA02511AE1D005E26A2 /* NENavCustomView.h */,
				C7664E9E2511AE1D005E26A2 /* NENavCustomView.m */,
			);
			path = View;
			sourceTree = "<group>";
		};
		C7664EA22511AE1D005E26A2 /* Service */ = {
			isa = PBXGroup;
			children = (
				C7664EA32511AE1D005E26A2 /* NEService.h */,
				C7664EA62511AE1D005E26A2 /* NEService.m */,
				C7664EA52511AE1D005E26A2 /* NEServiceTask.h */,
				C7664EA72511AE1D005E26A2 /* NETask.h */,
				C7664EA42511AE1D005E26A2 /* NETask.m */,
			);
			path = Service;
			sourceTree = "<group>";
		};
		C7664EA82511AE1D005E26A2 /* Utils */ = {
			isa = PBXGroup;
			children = (
				01C0D05D288B899F00B796BA /* Layout */,
				4BA74BCD272129E00088189C /* Manager */,
				C7664EA92511AE1D005E26A2 /* Category */,
				C7664EB22511AE1D005E26A2 /* BaseVC */,
				C7664EB52511AE1D005E26A2 /* Macro */,
				C7664EB82511AE1D005E26A2 /* Navigator */,
				C7664EBB2511AE1D005E26A2 /* Account */,
			);
			path = Utils;
			sourceTree = "<group>";
		};
		C7664EA92511AE1D005E26A2 /* Category */ = {
			isa = PBXGroup;
			children = (
				C7664EAA2511AE1D005E26A2 /* UIColor+NTES.h */,
				C7664EAB2511AE1D005E26A2 /* UIView+NTES.m */,
				C7664EAC2511AE1D005E26A2 /* UIImage+NTES.h */,
				C7664EAD2511AE1D005E26A2 /* NSDictionary+NTESJson.h */,
				C7664EAE2511AE1D005E26A2 /* UIImage+NTES.m */,
				C7664EAF2511AE1D005E26A2 /* UIView+NTES.h */,
				C7664EB02511AE1D005E26A2 /* UIColor+NTES.m */,
				C7664EB12511AE1D005E26A2 /* NSDictionary+NTESJson.m */,
				4BA14010271E50E200B7148C /* NSArray+NTES.h */,
				4BA14011271E50E200B7148C /* NSArray+NTES.m */,
				4B4493072770A63500478829 /* NERtcCallKit+Demo.h */,
				4B4493082770A63500478829 /* NERtcCallKit+Demo.m */,
			);
			path = Category;
			sourceTree = "<group>";
		};
		C7664EB22511AE1D005E26A2 /* BaseVC */ = {
			isa = PBXGroup;
			children = (
				C7664EB32511AE1D005E26A2 /* NECallBaseViewController.h */,
				C7664EB42511AE1D005E26A2 /* NECallBaseViewController.m */,
			);
			path = BaseVC;
			sourceTree = "<group>";
		};
		C7664EB52511AE1D005E26A2 /* Macro */ = {
			isa = PBXGroup;
			children = (
				C7664EB62511AE1D005E26A2 /* NSMacro.m */,
				C7664EB72511AE1D005E26A2 /* NSMacro.h */,
			);
			path = Macro;
			sourceTree = "<group>";
		};
		C7664EB82511AE1D005E26A2 /* Navigator */ = {
			isa = PBXGroup;
			children = (
				C7664EB92511AE1D005E26A2 /* NENavigator.h */,
				C7664EBA2511AE1D005E26A2 /* NENavigator.m */,
			);
			path = Navigator;
			sourceTree = "<group>";
		};
		C7664EBB2511AE1D005E26A2 /* Account */ = {
			isa = PBXGroup;
			children = (
				C7664EBC2511AE1D005E26A2 /* NEAccount.h */,
				C7664EBD2511AE1D005E26A2 /* NEAccount.m */,
			);
			path = Account;
			sourceTree = "<group>";
		};
		DD5D75E22A246D3700DA41B2 /* Custom */ = {
			isa = PBXGroup;
			children = (
				261B1AF82A823F3D0049FEF8 /* NECallCustomController.m */,
				261B1AF72A823F2A0049FEF8 /* NECallCustomController.h */,
				DD5D75E32A246E3600DA41B2 /* CustomVideoCallingController.h */,
				DD5D75E42A246E3600DA41B2 /* CustomVideoCallingController.m */,
			);
			path = Custom;
			sourceTree = "<group>";
		};
		ED60ED5323840FB0919BFBAC /* Pods */ = {
			isa = PBXGroup;
			children = (
				9C3E631E57C6DCADE269362E /* Pods-NLiteAVDemo.debug.xcconfig */,
				F529C3FC806BA1848C19DF0C /* Pods-NLiteAVDemo.release.xcconfig */,
				6AFFCCD18BE65F0020ACC0E8 /* Pods-OTODemo-NLiteAVDemo.debug.xcconfig */,
				A84D31FDFABDF2E2C364A07D /* Pods-OTODemo-NLiteAVDemo.release.xcconfig */,
			);
			path = Pods;
			sourceTree = "<group>";
		};
/* End PBXGroup section */

/* Begin PBXNativeTarget section */
		C758CCD424EB7F5A003C406A /* NLiteAVDemo */ = {
			isa = PBXNativeTarget;
			buildConfigurationList = C758CCEE24EB7F5F003C406A /* Build configuration list for PBXNativeTarget "NLiteAVDemo" */;
			buildPhases = (
				BB55C8E33DE19AD847449B27 /* [CP] Check Pods Manifest.lock */,
				C758CCD124EB7F5A003C406A /* Sources */,
				C758CCD224EB7F5A003C406A /* Frameworks */,
				C758CCD324EB7F5A003C406A /* Resources */,
				CD7A9B1FF40F66D34F55150E /* [CP] Embed Pods Frameworks */,
			);
			buildRules = (
			);
			dependencies = (
			);
			name = NLiteAVDemo;
			productName = NLiteAVDemo;
			productReference = C758CCD524EB7F5A003C406A /* videocall.app */;
			productType = "com.apple.product-type.application";
		};
/* End PBXNativeTarget section */

/* Begin PBXProject section */
		C758CCCD24EB7F5A003C406A /* Project object */ = {
			isa = PBXProject;
			attributes = {
				LastUpgradeCheck = 1150;
				ORGANIZATIONNAME = Netease;
				TargetAttributes = {
					C758CCD424EB7F5A003C406A = {
						CreatedOnToolsVersion = 11.5;
					};
				};
			};
			buildConfigurationList = C758CCD024EB7F5A003C406A /* Build configuration list for PBXProject "NLiteAVDemo" */;
			compatibilityVersion = "Xcode 9.3";
			developmentRegion = en;
			hasScannedForEncodings = 0;
			knownRegions = (
				en,
				Base,
				"zh-Hans",
			);
			mainGroup = C758CCCC24EB7F5A003C406A;
			productRefGroup = C758CCD624EB7F5A003C406A /* Products */;
			projectDirPath = "";
			projectRoot = "";
			targets = (
				C758CCD424EB7F5A003C406A /* NLiteAVDemo */,
			);
		};
/* End PBXProject section */

/* Begin PBXResourcesBuildPhase section */
		C758CCD324EB7F5A003C406A /* Resources */ = {
			isa = PBXResourcesBuildPhase;
			buildActionMask = 2147483647;
			files = (
				C758CCE824EB7F5F003C406A /* LaunchScreen.storyboard in Resources */,
				01C8348A28A9D5F700B87F45 /* Localizable.strings in Resources */,
				C758CCE524EB7F5F003C406A /* Assets.xcassets in Resources */,
				84FAFE8F2E56CB5E00F3A51F /* avchat_ring.mp3 in Resources */,
				C758CCE324EB7F5A003C406A /* Main.storyboard in Resources */,
			);
			runOnlyForDeploymentPostprocessing = 0;
		};
/* End PBXResourcesBuildPhase section */

/* Begin PBXShellScriptBuildPhase section */
		BB55C8E33DE19AD847449B27 /* [CP] Check Pods Manifest.lock */ = {
			isa = PBXShellScriptBuildPhase;
			buildActionMask = 2147483647;
			files = (
			);
			inputFileListPaths = (
			);
			inputPaths = (
				"${PODS_PODFILE_DIR_PATH}/Podfile.lock",
				"${PODS_ROOT}/Manifest.lock",
			);
			name = "[CP] Check Pods Manifest.lock";
			outputFileListPaths = (
			);
			outputPaths = (
				"$(DERIVED_FILE_DIR)/Pods-NLiteAVDemo-checkManifestLockResult.txt",
			);
			runOnlyForDeploymentPostprocessing = 0;
			shellPath = /bin/sh;
			shellScript = "diff \"${PODS_PODFILE_DIR_PATH}/Podfile.lock\" \"${PODS_ROOT}/Manifest.lock\" > /dev/null\nif [ $? != 0 ] ; then\n    # print error to STDERR\n    echo \"error: The sandbox is not in sync with the Podfile.lock. Run 'pod install' or update your CocoaPods installation.\" >&2\n    exit 1\nfi\n# This output is used by Xcode 'outputs' to avoid re-running this script phase.\necho \"SUCCESS\" > \"${SCRIPT_OUTPUT_FILE_0}\"\n";
			showEnvVarsInLog = 0;
		};
		CD7A9B1FF40F66D34F55150E /* [CP] Embed Pods Frameworks */ = {
			isa = PBXShellScriptBuildPhase;
			buildActionMask = 2147483647;
			files = (
			);
			inputFileListPaths = (
				"${PODS_ROOT}/Target Support Files/Pods-NLiteAVDemo/Pods-NLiteAVDemo-frameworks-${CONFIGURATION}-input-files.xcfilelist",
			);
			inputPaths = (
			);
			name = "[CP] Embed Pods Frameworks";
			outputFileListPaths = (
				"${PODS_ROOT}/Target Support Files/Pods-NLiteAVDemo/Pods-NLiteAVDemo-frameworks-${CONFIGURATION}-output-files.xcfilelist",
			);
			outputPaths = (
			);
			runOnlyForDeploymentPostprocessing = 0;
			shellPath = /bin/sh;
			shellScript = "\"${PODS_ROOT}/Target Support Files/Pods-NLiteAVDemo/Pods-NLiteAVDemo-frameworks.sh\"\n";
			showEnvVarsInLog = 0;
		};
/* End PBXShellScriptBuildPhase section */

/* Begin PBXSourcesBuildPhase section */
		C758CCD124EB7F5A003C406A /* Sources */ = {
			isa = PBXSourcesBuildPhase;
			buildActionMask = 2147483647;
			files = (
				01C0D04D288687E900B796BA /* GroupUserViewCell.m in Sources */,
				C7664ED92511AE1E005E26A2 /* UIView+NTES.m in Sources */,
				C7664ECC2511AE1E005E26A2 /* NESendSmsCodeTask.m in Sources */,
				54AD12862CE3514C00F0F370 /* NECallUISettingViewController.m in Sources */,
				84B155912E856F18006C1523 /* GroupUserController.m in Sources */,
				C758CCDA24EB7F5A003C406A /* AppDelegate.m in Sources */,
				DD5D75E52A246E3600DA41B2 /* CustomVideoCallingController.m in Sources */,
				01A4EAD828FCE8170022D204 /* GroupSettingViewController.m in Sources */,
				01C0D060288B89D200B796BA /* UICollectionViewLeftAlignedLayout.m in Sources */,
				C7664ECA2511AE1E005E26A2 /* NEUser.m in Sources */,
				C7664ED52511AE1E005E26A2 /* NEMenuViewController.m in Sources */,
				C7664ED22511AE1E005E26A2 /* NECountDownButton.m in Sources */,
				4B9F0F2D275E2A5300EACC04 /* NERtcSettingViewController.m in Sources */,
				4B4493092770A63500478829 /* NERtcCallKit+Demo.m in Sources */,
				C7664EDC2511AE1E005E26A2 /* NSDictionary+NTESJson.m in Sources */,
				C7664EDB2511AE1E005E26A2 /* UIColor+NTES.m in Sources */,
				C7664ED12511AE1E005E26A2 /* NTELoginVC.m in Sources */,
				013B53962892A4D2002CB1AA /* Attachment.m in Sources */,
				26D0C57C2A82299800D13ED0 /* SettingManager.m in Sources */,
				26A00C9A27181563007849FA /* NECallStatusRecordModel.m in Sources */,
				C7664ED32511AE1E005E26A2 /* NTFSmsInputView.m in Sources */,
				C7664EDA2511AE1E005E26A2 /* UIImage+NTES.m in Sources */,
				C7664EDD2511AE1E005E26A2 /* NECallBaseViewController.m in Sources */,
				C7664EC72511AE1E005E26A2 /* NERtcContactsViewController.m in Sources */,
				C7664ED72511AE1E005E26A2 /* NETask.m in Sources */,
				26A00C8F271812A4007849FA /* NECallStatusRecordCell.m in Sources */,
				C7664ECE2511AE1E005E26A2 /* NEAccountTask.m in Sources */,
				C7664ED02511AE1E005E26A2 /* NELoginOptions.m in Sources */,
				C7664ED82511AE1E005E26A2 /* NEService.m in Sources */,
				84B1558E2E856E4C006C1523 /* SectionHeaderView.m in Sources */,
				4BA14012271E50E200B7148C /* NSArray+NTES.m in Sources */,
				261B1AF92A823F3D0049FEF8 /* NECallCustomController.m in Sources */,
				C7664EDE2511AE1E005E26A2 /* NSMacro.m in Sources */,
				26A00C90271812A4007849FA /* NESearchResultCell.m in Sources */,
				C7664ED42511AE1E005E26A2 /* NEMenuCell.m in Sources */,
				C7664EE02511AE1E005E26A2 /* NEAccount.m in Sources */,
				01C0D042288504B000B796BA /* NEGroupContactsController.m in Sources */,
				C7664ED62511AE1E005E26A2 /* NENavCustomView.m in Sources */,
				C7664EC82511AE1E005E26A2 /* NESearchTask.m in Sources */,
				C7664ECF2511AE1E005E26A2 /* NTFInputSmsVC.m in Sources */,
				C7664ECD2511AE1E005E26A2 /* NEAccountTask.m in Sources */,
				C7664EC92511AE1E005E26A2 /* NERtcVideoCallModel.m in Sources */,
				C7664EC62511AE1E005E26A2 /* NEPSTNViewController.m in Sources */,
				013B53932890FF4F002CB1AA /* DataManager.m in Sources */,
				C7664EDF2511AE1E005E26A2 /* NENavigator.m in Sources */,
				C758CCEB24EB7F5F003C406A /* main.m in Sources */,
			);
			runOnlyForDeploymentPostprocessing = 0;
		};
/* End PBXSourcesBuildPhase section */

/* Begin PBXVariantGroup section */
		01C8348C28A9D5F700B87F45 /* Localizable.strings */ = {
			isa = PBXVariantGroup;
			children = (
				01C8348B28A9D5F700B87F45 /* zh-Hans */,
				01C8348D28A9D5FB00B87F45 /* en */,
			);
			name = Localizable.strings;
			sourceTree = "<group>";
		};
		C758CCE124EB7F5A003C406A /* Main.storyboard */ = {
			isa = PBXVariantGroup;
			children = (
				C758CCE224EB7F5A003C406A /* Base */,
				01C8348628A9D54200B87F45 /* zh-Hans */,
			);
			name = Main.storyboard;
			sourceTree = "<group>";
		};
		C758CCE624EB7F5F003C406A /* LaunchScreen.storyboard */ = {
			isa = PBXVariantGroup;
			children = (
				C758CCE724EB7F5F003C406A /* Base */,
				01C8348728A9D54300B87F45 /* zh-Hans */,
			);
			name = LaunchScreen.storyboard;
			sourceTree = "<group>";
		};
/* End PBXVariantGroup section */

/* Begin XCBuildConfiguration section */
		C758CCEC24EB7F5F003C406A /* Debug */ = {
			isa = XCBuildConfiguration;
			buildSettings = {
				ALWAYS_SEARCH_USER_PATHS = NO;
				CLANG_ANALYZER_LOCALIZABILITY_NONLOCALIZED = YES;
				CLANG_ANALYZER_NONNULL = YES;
				CLANG_ANALYZER_NUMBER_OBJECT_CONVERSION = YES_AGGRESSIVE;
				CLANG_CXX_LANGUAGE_STANDARD = "gnu++14";
				CLANG_CXX_LIBRARY = "libc++";
				CLANG_ENABLE_MODULES = YES;
				CLANG_ENABLE_OBJC_ARC = YES;
				CLANG_ENABLE_OBJC_WEAK = YES;
				CLANG_WARN_BLOCK_CAPTURE_AUTORELEASING = YES;
				CLANG_WARN_BOOL_CONVERSION = YES;
				CLANG_WARN_COMMA = YES;
				CLANG_WARN_CONSTANT_CONVERSION = YES;
				CLANG_WARN_DEPRECATED_OBJC_IMPLEMENTATIONS = YES;
				CLANG_WARN_DIRECT_OBJC_ISA_USAGE = YES_ERROR;
				CLANG_WARN_DOCUMENTATION_COMMENTS = YES;
				CLANG_WARN_EMPTY_BODY = YES;
				CLANG_WARN_ENUM_CONVERSION = YES;
				CLANG_WARN_INFINITE_RECURSION = YES;
				CLANG_WARN_INT_CONVERSION = YES;
				CLANG_WARN_NON_LITERAL_NULL_CONVERSION = YES;
				CLANG_WARN_OBJC_IMPLICIT_RETAIN_SELF = YES;
				CLANG_WARN_OBJC_LITERAL_CONVERSION = YES;
				CLANG_WARN_OBJC_ROOT_CLASS = YES_ERROR;
				CLANG_WARN_RANGE_LOOP_ANALYSIS = YES;
				CLANG_WARN_STRICT_PROTOTYPES = YES;
				CLANG_WARN_SUSPICIOUS_MOVE = YES;
				CLANG_WARN_UNGUARDED_AVAILABILITY = YES_AGGRESSIVE;
				CLANG_WARN_UNREACHABLE_CODE = YES;
				CLANG_WARN__DUPLICATE_METHOD_MATCH = YES;
				COPY_PHASE_STRIP = NO;
				DEBUG_INFORMATION_FORMAT = dwarf;
				ENABLE_STRICT_OBJC_MSGSEND = YES;
				ENABLE_TESTABILITY = YES;
				GCC_C_LANGUAGE_STANDARD = gnu11;
				GCC_DYNAMIC_NO_PIC = NO;
				GCC_NO_COMMON_BLOCKS = YES;
				GCC_OPTIMIZATION_LEVEL = 0;
				GCC_PREPROCESSOR_DEFINITIONS = (
					"DEBUG=1",
					"$(inherited)",
				);
				GCC_WARN_64_TO_32_BIT_CONVERSION = YES;
				GCC_WARN_ABOUT_RETURN_TYPE = YES_ERROR;
				GCC_WARN_UNDECLARED_SELECTOR = YES;
				GCC_WARN_UNINITIALIZED_AUTOS = YES_AGGRESSIVE;
				GCC_WARN_UNUSED_FUNCTION = YES;
				GCC_WARN_UNUSED_VARIABLE = YES;
				IPHONEOS_DEPLOYMENT_TARGET = 11.0;
				MTL_ENABLE_DEBUG_INFO = INCLUDE_SOURCE;
				MTL_FAST_MATH = YES;
				ONLY_ACTIVE_ARCH = YES;
				SDKROOT = iphoneos;
			};
			name = Debug;
		};
		C758CCED24EB7F5F003C406A /* Release */ = {
			isa = XCBuildConfiguration;
			buildSettings = {
				ALWAYS_SEARCH_USER_PATHS = NO;
				CLANG_ANALYZER_LOCALIZABILITY_NONLOCALIZED = YES;
				CLANG_ANALYZER_NONNULL = YES;
				CLANG_ANALYZER_NUMBER_OBJECT_CONVERSION = YES_AGGRESSIVE;
				CLANG_CXX_LANGUAGE_STANDARD = "gnu++14";
				CLANG_CXX_LIBRARY = "libc++";
				CLANG_ENABLE_MODULES = YES;
				CLANG_ENABLE_OBJC_ARC = YES;
				CLANG_ENABLE_OBJC_WEAK = YES;
				CLANG_WARN_BLOCK_CAPTURE_AUTORELEASING = YES;
				CLANG_WARN_BOOL_CONVERSION = YES;
				CLANG_WARN_COMMA = YES;
				CLANG_WARN_CONSTANT_CONVERSION = YES;
				CLANG_WARN_DEPRECATED_OBJC_IMPLEMENTATIONS = YES;
				CLANG_WARN_DIRECT_OBJC_ISA_USAGE = YES_ERROR;
				CLANG_WARN_DOCUMENTATION_COMMENTS = YES;
				CLANG_WARN_EMPTY_BODY = YES;
				CLANG_WARN_ENUM_CONVERSION = YES;
				CLANG_WARN_INFINITE_RECURSION = YES;
				CLANG_WARN_INT_CONVERSION = YES;
				CLANG_WARN_NON_LITERAL_NULL_CONVERSION = YES;
				CLANG_WARN_OBJC_IMPLICIT_RETAIN_SELF = YES;
				CLANG_WARN_OBJC_LITERAL_CONVERSION = YES;
				CLANG_WARN_OBJC_ROOT_CLASS = YES_ERROR;
				CLANG_WARN_RANGE_LOOP_ANALYSIS = YES;
				CLANG_WARN_STRICT_PROTOTYPES = YES;
				CLANG_WARN_SUSPICIOUS_MOVE = YES;
				CLANG_WARN_UNGUARDED_AVAILABILITY = YES_AGGRESSIVE;
				CLANG_WARN_UNREACHABLE_CODE = YES;
				CLANG_WARN__DUPLICATE_METHOD_MATCH = YES;
				COPY_PHASE_STRIP = NO;
				DEBUG_INFORMATION_FORMAT = "dwarf-with-dsym";
				ENABLE_NS_ASSERTIONS = NO;
				ENABLE_STRICT_OBJC_MSGSEND = YES;
				GCC_C_LANGUAGE_STANDARD = gnu11;
				GCC_NO_COMMON_BLOCKS = YES;
				GCC_WARN_64_TO_32_BIT_CONVERSION = YES;
				GCC_WARN_ABOUT_RETURN_TYPE = YES_ERROR;
				GCC_WARN_UNDECLARED_SELECTOR = YES;
				GCC_WARN_UNINITIALIZED_AUTOS = YES_AGGRESSIVE;
				GCC_WARN_UNUSED_FUNCTION = YES;
				GCC_WARN_UNUSED_VARIABLE = YES;
				IPHONEOS_DEPLOYMENT_TARGET = 11.0;
				MTL_ENABLE_DEBUG_INFO = NO;
				MTL_FAST_MATH = YES;
				SDKROOT = iphoneos;
				VALIDATE_PRODUCT = YES;
			};
			name = Release;
		};
		C758CCEF24EB7F5F003C406A /* Debug */ = {
			isa = XCBuildConfiguration;
			baseConfigurationReference = 9C3E631E57C6DCADE269362E /* Pods-NLiteAVDemo.debug.xcconfig */;
			buildSettings = {
				ASSETCATALOG_COMPILER_APPICON_NAME = AppIcon;
				CODE_SIGN_ENTITLEMENTS = NLiteAVDemo/NLiteAVDemo.entitlements;
				CODE_SIGN_IDENTITY = "Apple Development";
				CODE_SIGN_STYLE = Automatic;
				CURRENT_PROJECT_VERSION = 1;
				DEVELOPMENT_TEAM = 569GNZ5392;
				ENABLE_BITCODE = NO;
				EXCLUDED_ARCHS = "";
				GCC_PREFIX_HEADER = "$(SRCROOT)/NLiteAVDemo/PrefixHeader.pch";
				INFOPLIST_FILE = NLiteAVDemo/Info.plist;
				IPHONEOS_DEPLOYMENT_TARGET = 12.0;
				LD_RUNPATH_SEARCH_PATHS = (
					"$(inherited)",
					"@executable_path/Frameworks",
				);
				MARKETING_VERSION = 2.5.0;
				PRODUCT_BUNDLE_IDENTIFIER = com.netease.NELiteAVDemo;
				PRODUCT_NAME = videocall;
				PROVISIONING_PROFILE_SPECIFIER = "";
				TARGETED_DEVICE_FAMILY = "1,2";
			};
			name = Debug;
		};
		C758CCF024EB7F5F003C406A /* Release */ = {
			isa = XCBuildConfiguration;
			baseConfigurationReference = F529C3FC806BA1848C19DF0C /* Pods-NLiteAVDemo.release.xcconfig */;
			buildSettings = {
				ASSETCATALOG_COMPILER_APPICON_NAME = AppIcon;
				CODE_SIGN_ENTITLEMENTS = NLiteAVDemo/NLiteAVDemo.entitlements;
				CODE_SIGN_IDENTITY = "iPhone Distribution";
				CODE_SIGN_STYLE = Manual;
				CURRENT_PROJECT_VERSION = 1;
				DEVELOPMENT_TEAM = 569GNZ5392;
				ENABLE_BITCODE = NO;
				EXCLUDED_ARCHS = "";
				GCC_PREFIX_HEADER = "$(SRCROOT)/NLiteAVDemo/PrefixHeader.pch";
				INFOPLIST_FILE = NLiteAVDemo/Info.plist;
				IPHONEOS_DEPLOYMENT_TARGET = 12.0;
				LD_RUNPATH_SEARCH_PATHS = (
					"$(inherited)",
					"@executable_path/Frameworks",
				);
				MARKETING_VERSION = 2.5.0;
				PRODUCT_BUNDLE_IDENTIFIER = com.netease.NELiteAVDemo;
				PRODUCT_NAME = videocall;
				PROVISIONING_PROFILE_SPECIFIER = NELiteAVDemo_Profile_InHouse;
				TARGETED_DEVICE_FAMILY = "1,2";
			};
			name = Release;
		};
/* End XCBuildConfiguration section */

/* Begin XCConfigurationList section */
		C758CCD024EB7F5A003C406A /* Build configuration list for PBXProject "NLiteAVDemo" */ = {
			isa = XCConfigurationList;
			buildConfigurations = (
				C758CCEC24EB7F5F003C406A /* Debug */,
				C758CCED24EB7F5F003C406A /* Release */,
			);
			defaultConfigurationIsVisible = 0;
			defaultConfigurationName = Release;
		};
		C758CCEE24EB7F5F003C406A /* Build configuration list for PBXNativeTarget "NLiteAVDemo" */ = {
			isa = XCConfigurationList;
			buildConfigurations = (
				C758CCEF24EB7F5F003C406A /* Debug */,
				C758CCF024EB7F5F003C406A /* Release */,
			);
			defaultConfigurationIsVisible = 0;
			defaultConfigurationName = Release;
		};
/* End XCConfigurationList section */
	};
	rootObject = C758CCCD24EB7F5A003C406A /* Project object */;
}
