// !$*UTF8*$!
{
	archiveVersion = 1;
	classes = {
	};
	objectVersion = 51;
	objects = {

/* Begin PBXBuildFile section */
		4B1CE8D87B045036DB9DCCAE /* Pods_NLiteAVDemo.framework in Frameworks */ = {isa = PBXBuildFile; fileRef = 351BD670226DDD5B57B8EBF7 /* Pods_NLiteAVDemo.framework */; };
		86B9C27524F74BA0002779E7 /* NETask.m in Sources */ = {isa = PBXBuildFile; fileRef = 86B9C26824F74BA0002779E7 /* NETask.m */; };
		86B9C27624F74BA0002779E7 /* NEService.m in Sources */ = {isa = PBXBuildFile; fileRef = 86B9C26A24F74BA0002779E7 /* NEService.m */; };
		86B9C27724F74BA0002779E7 /* UIView+NTES.m in Sources */ = {isa = PBXBuildFile; fileRef = 86B9C26E24F74BA0002779E7 /* UIView+NTES.m */; };
		86B9C27824F74BA0002779E7 /* NSDictionary+NTESJson.m in Sources */ = {isa = PBXBuildFile; fileRef = 86B9C27124F74BA0002779E7 /* NSDictionary+NTESJson.m */; };
		86B9C27924F74BA0002779E7 /* NSMacro.m in Sources */ = {isa = PBXBuildFile; fileRef = 86B9C27324F74BA0002779E7 /* NSMacro.m */; };
		86B9C27D24F74C84002779E7 /* NEBaseViewController.m in Sources */ = {isa = PBXBuildFile; fileRef = 86B9C27C24F74C84002779E7 /* NEBaseViewController.m */; };
		86B9C28224F74EC2002779E7 /* UIColor+NTES.m in Sources */ = {isa = PBXBuildFile; fileRef = 86B9C27E24F74EC2002779E7 /* UIColor+NTES.m */; };
		86B9C28324F74EC2002779E7 /* UIImage+NTES.m in Sources */ = {isa = PBXBuildFile; fileRef = 86B9C28124F74EC2002779E7 /* UIImage+NTES.m */; };
		86B9C28B24F74ED2002779E7 /* NTFInputSmsVC.m in Sources */ = {isa = PBXBuildFile; fileRef = 86B9C28624F74ED2002779E7 /* NTFInputSmsVC.m */; };
		86B9C28C24F74ED2002779E7 /* NTELoginVC.m in Sources */ = {isa = PBXBuildFile; fileRef = 86B9C28824F74ED2002779E7 /* NTELoginVC.m */; };
		86B9C28D24F74ED2002779E7 /* NTFSmsInputView.m in Sources */ = {isa = PBXBuildFile; fileRef = 86B9C28A24F74ED2002779E7 /* NTFSmsInputView.m */; };
		86CD6C3724F8E46E00E42725 /* NEAccount.m in Sources */ = {isa = PBXBuildFile; fileRef = 86CD6C3524F8E46E00E42725 /* NEAccount.m */; };
		86CD6C3824F8E46E00E42725 /* NEAccountTask.m in Sources */ = {isa = PBXBuildFile; fileRef = 86CD6C3624F8E46E00E42725 /* NEAccountTask.m */; };
		86CD6C3C24F8E82800E42725 /* NELoginOptions.m in Sources */ = {isa = PBXBuildFile; fileRef = 86CD6C3B24F8E82800E42725 /* NELoginOptions.m */; };
		86CD6C4124F8FC8100E42725 /* NECountDownButton.m in Sources */ = {isa = PBXBuildFile; fileRef = 86CD6C4024F8FC8100E42725 /* NECountDownButton.m */; };
		86E0E67C24F8B09F0030193D /* NENavigator.m in Sources */ = {isa = PBXBuildFile; fileRef = 86E0E67B24F8B09F0030193D /* NENavigator.m */; };
		C738D1F524EF7142002FD4D7 /* NEMenuCell.m in Sources */ = {isa = PBXBuildFile; fileRef = C738D1F424EF7142002FD4D7 /* NEMenuCell.m */; };
		C738D1F824EF9A1E002FD4D7 /* NECallViewController.m in Sources */ = {isa = PBXBuildFile; fileRef = C738D1F724EF9A1E002FD4D7 /* NECallViewController.m */; };
		C738D1FB24EFA628002FD4D7 /* NECustomButton.m in Sources */ = {isa = PBXBuildFile; fileRef = C738D1FA24EFA628002FD4D7 /* NECustomButton.m */; };
		C738D1FE24EFC294002FD4D7 /* NERtcVideoCallModel.m in Sources */ = {isa = PBXBuildFile; fileRef = C738D1FD24EFC294002FD4D7 /* NERtcVideoCallModel.m */; };
		C7410B8024F4FE59005B10AF /* NEVideoOperationView.m in Sources */ = {isa = PBXBuildFile; fileRef = C7410B7F24F4FE59005B10AF /* NEVideoOperationView.m */; };
		C744A25B24F7CA5E004623DE /* NESendSmsCodeTask.m in Sources */ = {isa = PBXBuildFile; fileRef = C744A25A24F7CA5E004623DE /* NESendSmsCodeTask.m */; };
		C758CCDA24EB7F5A003C406A /* AppDelegate.m in Sources */ = {isa = PBXBuildFile; fileRef = C758CCD924EB7F5A003C406A /* AppDelegate.m */; };
		C758CCE324EB7F5A003C406A /* Main.storyboard in Resources */ = {isa = PBXBuildFile; fileRef = C758CCE124EB7F5A003C406A /* Main.storyboard */; };
		C758CCE524EB7F5F003C406A /* Assets.xcassets in Resources */ = {isa = PBXBuildFile; fileRef = C758CCE424EB7F5F003C406A /* Assets.xcassets */; };
		C758CCE824EB7F5F003C406A /* LaunchScreen.storyboard in Resources */ = {isa = PBXBuildFile; fileRef = C758CCE624EB7F5F003C406A /* LaunchScreen.storyboard */; };
		C758CCEB24EB7F5F003C406A /* main.m in Sources */ = {isa = PBXBuildFile; fileRef = C758CCEA24EB7F5F003C406A /* main.m */; };
		C775863F24EBC4A300C79401 /* NERtcVideoCall.m in Sources */ = {isa = PBXBuildFile; fileRef = C775863E24EBC4A300C79401 /* NERtcVideoCall.m */; };
		C7805DA324FCEEC000B7F638 /* NESearchResultCell.m in Sources */ = {isa = PBXBuildFile; fileRef = C7805DA224FCEEC000B7F638 /* NESearchResultCell.m */; };
		C7A3C37224F8A05C00EDE9A1 /* NESearchTask.m in Sources */ = {isa = PBXBuildFile; fileRef = C7A3C37124F8A05C00EDE9A1 /* NESearchTask.m */; };
		C7B5068924F67F4000C4D992 /* NEVideoView.m in Sources */ = {isa = PBXBuildFile; fileRef = C7B5068824F67F4000C4D992 /* NEVideoView.m */; };
		C7D05B1924EE1F1D00079BF5 /* NEMenuViewController.m in Sources */ = {isa = PBXBuildFile; fileRef = C7D05B1824EE1F1D00079BF5 /* NEMenuViewController.m */; };
		C7D05B1C24EE2D9000079BF5 /* NENavCustomView.m in Sources */ = {isa = PBXBuildFile; fileRef = C7D05B1B24EE2D9000079BF5 /* NENavCustomView.m */; };
		C7D05B2C24EE554D00079BF5 /* NERtcContactsViewController.m in Sources */ = {isa = PBXBuildFile; fileRef = C7D05B2B24EE554D00079BF5 /* NERtcContactsViewController.m */; };
		C7D05B3124EE6B8B00079BF5 /* NEBaseUserListView.m in Sources */ = {isa = PBXBuildFile; fileRef = C7D05B3024EE6B8B00079BF5 /* NEBaseUserListView.m */; };
		C7D05B3424EE6F4800079BF5 /* NEHistoryView.m in Sources */ = {isa = PBXBuildFile; fileRef = C7D05B3324EE6F4800079BF5 /* NEHistoryView.m */; };
		C7D05B3724EE6F6100079BF5 /* NESearchResultView.m in Sources */ = {isa = PBXBuildFile; fileRef = C7D05B3624EE6F6100079BF5 /* NESearchResultView.m */; };
		C7D05B3A24EE703200079BF5 /* NEHistoryCell.m in Sources */ = {isa = PBXBuildFile; fileRef = C7D05B3924EE703200079BF5 /* NEHistoryCell.m */; };
		C7D05B3E24EE730400079BF5 /* NEUser.m in Sources */ = {isa = PBXBuildFile; fileRef = C7D05B3D24EE730400079BF5 /* NEUser.m */; };
/* End PBXBuildFile section */

/* Begin PBXCopyFilesBuildPhase section */
		C79685B524F901890093AF5C /* Embed Frameworks */ = {
			isa = PBXCopyFilesBuildPhase;
			buildActionMask = 2147483647;
			dstPath = "";
			dstSubfolderSpec = 10;
			files = (
			);
			name = "Embed Frameworks";
			runOnlyForDeploymentPostprocessing = 0;
		};
/* End PBXCopyFilesBuildPhase section */

/* Begin PBXFileReference section */
		351BD670226DDD5B57B8EBF7 /* Pods_NLiteAVDemo.framework */ = {isa = PBXFileReference; explicitFileType = wrapper.framework; includeInIndex = 0; path = Pods_NLiteAVDemo.framework; sourceTree = BUILT_PRODUCTS_DIR; };
		86B9C26724F74BA0002779E7 /* NEService.h */ = {isa = PBXFileReference; fileEncoding = 4; lastKnownFileType = sourcecode.c.h; path = NEService.h; sourceTree = "<group>"; };
		86B9C26824F74BA0002779E7 /* NETask.m */ = {isa = PBXFileReference; fileEncoding = 4; lastKnownFileType = sourcecode.c.objc; path = NETask.m; sourceTree = "<group>"; };
		86B9C26924F74BA0002779E7 /* NEServiceTask.h */ = {isa = PBXFileReference; fileEncoding = 4; lastKnownFileType = sourcecode.c.h; path = NEServiceTask.h; sourceTree = "<group>"; };
		86B9C26A24F74BA0002779E7 /* NEService.m */ = {isa = PBXFileReference; fileEncoding = 4; lastKnownFileType = sourcecode.c.objc; path = NEService.m; sourceTree = "<group>"; };
		86B9C26B24F74BA0002779E7 /* NETask.h */ = {isa = PBXFileReference; fileEncoding = 4; lastKnownFileType = sourcecode.c.h; path = NETask.h; sourceTree = "<group>"; };
		86B9C26E24F74BA0002779E7 /* UIView+NTES.m */ = {isa = PBXFileReference; fileEncoding = 4; lastKnownFileType = sourcecode.c.objc; path = "UIView+NTES.m"; sourceTree = "<group>"; };
		86B9C26F24F74BA0002779E7 /* NSDictionary+NTESJson.h */ = {isa = PBXFileReference; fileEncoding = 4; lastKnownFileType = sourcecode.c.h; path = "NSDictionary+NTESJson.h"; sourceTree = "<group>"; };
		86B9C27024F74BA0002779E7 /* UIView+NTES.h */ = {isa = PBXFileReference; fileEncoding = 4; lastKnownFileType = sourcecode.c.h; path = "UIView+NTES.h"; sourceTree = "<group>"; };
		86B9C27124F74BA0002779E7 /* NSDictionary+NTESJson.m */ = {isa = PBXFileReference; fileEncoding = 4; lastKnownFileType = sourcecode.c.objc; path = "NSDictionary+NTESJson.m"; sourceTree = "<group>"; };
		86B9C27324F74BA0002779E7 /* NSMacro.m */ = {isa = PBXFileReference; fileEncoding = 4; lastKnownFileType = sourcecode.c.objc; path = NSMacro.m; sourceTree = "<group>"; };
		86B9C27424F74BA0002779E7 /* NSMacro.h */ = {isa = PBXFileReference; fileEncoding = 4; lastKnownFileType = sourcecode.c.h; path = NSMacro.h; sourceTree = "<group>"; };
		86B9C27B24F74C83002779E7 /* NEBaseViewController.h */ = {isa = PBXFileReference; fileEncoding = 4; lastKnownFileType = sourcecode.c.h; path = NEBaseViewController.h; sourceTree = "<group>"; };
		86B9C27C24F74C84002779E7 /* NEBaseViewController.m */ = {isa = PBXFileReference; fileEncoding = 4; lastKnownFileType = sourcecode.c.objc; path = NEBaseViewController.m; sourceTree = "<group>"; };
		86B9C27E24F74EC2002779E7 /* UIColor+NTES.m */ = {isa = PBXFileReference; fileEncoding = 4; lastKnownFileType = sourcecode.c.objc; path = "UIColor+NTES.m"; sourceTree = "<group>"; };
		86B9C27F24F74EC2002779E7 /* UIImage+NTES.h */ = {isa = PBXFileReference; fileEncoding = 4; lastKnownFileType = sourcecode.c.h; path = "UIImage+NTES.h"; sourceTree = "<group>"; };
		86B9C28024F74EC2002779E7 /* UIColor+NTES.h */ = {isa = PBXFileReference; fileEncoding = 4; lastKnownFileType = sourcecode.c.h; path = "UIColor+NTES.h"; sourceTree = "<group>"; };
		86B9C28124F74EC2002779E7 /* UIImage+NTES.m */ = {isa = PBXFileReference; fileEncoding = 4; lastKnownFileType = sourcecode.c.objc; path = "UIImage+NTES.m"; sourceTree = "<group>"; };
		86B9C28524F74ED2002779E7 /* NTELoginVC.h */ = {isa = PBXFileReference; fileEncoding = 4; lastKnownFileType = sourcecode.c.h; path = NTELoginVC.h; sourceTree = "<group>"; };
		86B9C28624F74ED2002779E7 /* NTFInputSmsVC.m */ = {isa = PBXFileReference; fileEncoding = 4; lastKnownFileType = sourcecode.c.objc; path = NTFInputSmsVC.m; sourceTree = "<group>"; };
		86B9C28724F74ED2002779E7 /* NTFSmsInputView.h */ = {isa = PBXFileReference; fileEncoding = 4; lastKnownFileType = sourcecode.c.h; path = NTFSmsInputView.h; sourceTree = "<group>"; };
		86B9C28824F74ED2002779E7 /* NTELoginVC.m */ = {isa = PBXFileReference; fileEncoding = 4; lastKnownFileType = sourcecode.c.objc; path = NTELoginVC.m; sourceTree = "<group>"; };
		86B9C28924F74ED2002779E7 /* NTFInputSmsVC.h */ = {isa = PBXFileReference; fileEncoding = 4; lastKnownFileType = sourcecode.c.h; path = NTFInputSmsVC.h; sourceTree = "<group>"; };
		86B9C28A24F74ED2002779E7 /* NTFSmsInputView.m */ = {isa = PBXFileReference; fileEncoding = 4; lastKnownFileType = sourcecode.c.objc; path = NTFSmsInputView.m; sourceTree = "<group>"; };
		86CD6C3324F8E46E00E42725 /* NEAccount.h */ = {isa = PBXFileReference; fileEncoding = 4; lastKnownFileType = sourcecode.c.h; path = NEAccount.h; sourceTree = "<group>"; };
		86CD6C3424F8E46E00E42725 /* NEAccountTask.h */ = {isa = PBXFileReference; fileEncoding = 4; lastKnownFileType = sourcecode.c.h; path = NEAccountTask.h; sourceTree = "<group>"; };
		86CD6C3524F8E46E00E42725 /* NEAccount.m */ = {isa = PBXFileReference; fileEncoding = 4; lastKnownFileType = sourcecode.c.objc; path = NEAccount.m; sourceTree = "<group>"; };
		86CD6C3624F8E46E00E42725 /* NEAccountTask.m */ = {isa = PBXFileReference; fileEncoding = 4; lastKnownFileType = sourcecode.c.objc; path = NEAccountTask.m; sourceTree = "<group>"; };
		86CD6C3A24F8E82800E42725 /* NELoginOptions.h */ = {isa = PBXFileReference; lastKnownFileType = sourcecode.c.h; path = NELoginOptions.h; sourceTree = "<group>"; };
		86CD6C3B24F8E82800E42725 /* NELoginOptions.m */ = {isa = PBXFileReference; lastKnownFileType = sourcecode.c.objc; path = NELoginOptions.m; sourceTree = "<group>"; };
		86CD6C3F24F8FC8100E42725 /* NECountDownButton.h */ = {isa = PBXFileReference; lastKnownFileType = sourcecode.c.h; path = NECountDownButton.h; sourceTree = "<group>"; };
		86CD6C4024F8FC8100E42725 /* NECountDownButton.m */ = {isa = PBXFileReference; lastKnownFileType = sourcecode.c.objc; path = NECountDownButton.m; sourceTree = "<group>"; };
		86E0E67A24F8B09F0030193D /* NENavigator.h */ = {isa = PBXFileReference; lastKnownFileType = sourcecode.c.h; path = NENavigator.h; sourceTree = "<group>"; };
		86E0E67B24F8B09F0030193D /* NENavigator.m */ = {isa = PBXFileReference; lastKnownFileType = sourcecode.c.objc; path = NENavigator.m; sourceTree = "<group>"; };
		9C3E631E57C6DCADE269362E /* Pods-NLiteAVDemo.debug.xcconfig */ = {isa = PBXFileReference; includeInIndex = 1; lastKnownFileType = text.xcconfig; name = "Pods-NLiteAVDemo.debug.xcconfig"; path = "Target Support Files/Pods-NLiteAVDemo/Pods-NLiteAVDemo.debug.xcconfig"; sourceTree = "<group>"; };
		C728EEE32500D77D00D27176 /* AppKey.h */ = {isa = PBXFileReference; lastKnownFileType = sourcecode.c.h; path = AppKey.h; sourceTree = "<group>"; };
		C738D1F324EF7142002FD4D7 /* NEMenuCell.h */ = {isa = PBXFileReference; lastKnownFileType = sourcecode.c.h; path = NEMenuCell.h; sourceTree = "<group>"; };
		C738D1F424EF7142002FD4D7 /* NEMenuCell.m */ = {isa = PBXFileReference; lastKnownFileType = sourcecode.c.objc; path = NEMenuCell.m; sourceTree = "<group>"; };
		C738D1F624EF9A1E002FD4D7 /* NECallViewController.h */ = {isa = PBXFileReference; lastKnownFileType = sourcecode.c.h; path = NECallViewController.h; sourceTree = "<group>"; };
		C738D1F724EF9A1E002FD4D7 /* NECallViewController.m */ = {isa = PBXFileReference; lastKnownFileType = sourcecode.c.objc; path = NECallViewController.m; sourceTree = "<group>"; };
		C738D1F924EFA628002FD4D7 /* NECustomButton.h */ = {isa = PBXFileReference; lastKnownFileType = sourcecode.c.h; path = NECustomButton.h; sourceTree = "<group>"; };
		C738D1FA24EFA628002FD4D7 /* NECustomButton.m */ = {isa = PBXFileReference; lastKnownFileType = sourcecode.c.objc; path = NECustomButton.m; sourceTree = "<group>"; };
		C738D1FC24EFC294002FD4D7 /* NERtcVideoCallModel.h */ = {isa = PBXFileReference; lastKnownFileType = sourcecode.c.h; path = NERtcVideoCallModel.h; sourceTree = "<group>"; };
		C738D1FD24EFC294002FD4D7 /* NERtcVideoCallModel.m */ = {isa = PBXFileReference; lastKnownFileType = sourcecode.c.objc; path = NERtcVideoCallModel.m; sourceTree = "<group>"; };
		C7410B7E24F4FE59005B10AF /* NEVideoOperationView.h */ = {isa = PBXFileReference; lastKnownFileType = sourcecode.c.h; path = NEVideoOperationView.h; sourceTree = "<group>"; };
		C7410B7F24F4FE59005B10AF /* NEVideoOperationView.m */ = {isa = PBXFileReference; lastKnownFileType = sourcecode.c.objc; path = NEVideoOperationView.m; sourceTree = "<group>"; };
		C744A25924F7CA5E004623DE /* NESendSmsCodeTask.h */ = {isa = PBXFileReference; lastKnownFileType = sourcecode.c.h; path = NESendSmsCodeTask.h; sourceTree = "<group>"; };
		C744A25A24F7CA5E004623DE /* NESendSmsCodeTask.m */ = {isa = PBXFileReference; lastKnownFileType = sourcecode.c.objc; path = NESendSmsCodeTask.m; sourceTree = "<group>"; };
		C758CCD524EB7F5A003C406A /* 网易云信 NERTC.app */ = {isa = PBXFileReference; explicitFileType = wrapper.application; includeInIndex = 0; path = "网易云信 NERTC.app"; sourceTree = BUILT_PRODUCTS_DIR; };
		C758CCD824EB7F5A003C406A /* AppDelegate.h */ = {isa = PBXFileReference; lastKnownFileType = sourcecode.c.h; path = AppDelegate.h; sourceTree = "<group>"; };
		C758CCD924EB7F5A003C406A /* AppDelegate.m */ = {isa = PBXFileReference; lastKnownFileType = sourcecode.c.objc; path = AppDelegate.m; sourceTree = "<group>"; };
		C758CCE224EB7F5A003C406A /* Base */ = {isa = PBXFileReference; lastKnownFileType = file.storyboard; name = Base; path = Base.lproj/Main.storyboard; sourceTree = "<group>"; };
		C758CCE424EB7F5F003C406A /* Assets.xcassets */ = {isa = PBXFileReference; lastKnownFileType = folder.assetcatalog; path = Assets.xcassets; sourceTree = "<group>"; };
		C758CCE724EB7F5F003C406A /* Base */ = {isa = PBXFileReference; lastKnownFileType = file.storyboard; name = Base; path = Base.lproj/LaunchScreen.storyboard; sourceTree = "<group>"; };
		C758CCE924EB7F5F003C406A /* Info.plist */ = {isa = PBXFileReference; lastKnownFileType = text.plist.xml; path = Info.plist; sourceTree = "<group>"; };
		C758CCEA24EB7F5F003C406A /* main.m */ = {isa = PBXFileReference; lastKnownFileType = sourcecode.c.objc; path = main.m; sourceTree = "<group>"; };
		C775863D24EBC4A300C79401 /* NERtcVideoCall.h */ = {isa = PBXFileReference; lastKnownFileType = sourcecode.c.h; path = NERtcVideoCall.h; sourceTree = "<group>"; };
		C775863E24EBC4A300C79401 /* NERtcVideoCall.m */ = {isa = PBXFileReference; lastKnownFileType = sourcecode.c.objc; path = NERtcVideoCall.m; sourceTree = "<group>"; };
		C7805DA124FCEEC000B7F638 /* NESearchResultCell.h */ = {isa = PBXFileReference; lastKnownFileType = sourcecode.c.h; path = NESearchResultCell.h; sourceTree = "<group>"; };
		C7805DA224FCEEC000B7F638 /* NESearchResultCell.m */ = {isa = PBXFileReference; lastKnownFileType = sourcecode.c.objc; path = NESearchResultCell.m; sourceTree = "<group>"; };
		C78370DB24ED28A50051800B /* NERtcVideoCallDelegate.h */ = {isa = PBXFileReference; lastKnownFileType = sourcecode.c.h; path = NERtcVideoCallDelegate.h; sourceTree = "<group>"; };
		C7A3C37024F8A05C00EDE9A1 /* NESearchTask.h */ = {isa = PBXFileReference; lastKnownFileType = sourcecode.c.h; path = NESearchTask.h; sourceTree = "<group>"; };
		C7A3C37124F8A05C00EDE9A1 /* NESearchTask.m */ = {isa = PBXFileReference; lastKnownFileType = sourcecode.c.objc; path = NESearchTask.m; sourceTree = "<group>"; };
		C7B5068624F6439E00C4D992 /* NLiteAVDemo.entitlements */ = {isa = PBXFileReference; lastKnownFileType = text.plist.entitlements; path = NLiteAVDemo.entitlements; sourceTree = "<group>"; };
		C7B5068724F67F4000C4D992 /* NEVideoView.h */ = {isa = PBXFileReference; lastKnownFileType = sourcecode.c.h; path = NEVideoView.h; sourceTree = "<group>"; };
		C7B5068824F67F4000C4D992 /* NEVideoView.m */ = {isa = PBXFileReference; lastKnownFileType = sourcecode.c.objc; path = NEVideoView.m; sourceTree = "<group>"; };
		C7D05B1724EE1F1D00079BF5 /* NEMenuViewController.h */ = {isa = PBXFileReference; lastKnownFileType = sourcecode.c.h; path = NEMenuViewController.h; sourceTree = "<group>"; };
		C7D05B1824EE1F1D00079BF5 /* NEMenuViewController.m */ = {isa = PBXFileReference; lastKnownFileType = sourcecode.c.objc; path = NEMenuViewController.m; sourceTree = "<group>"; };
		C7D05B1A24EE2D9000079BF5 /* NENavCustomView.h */ = {isa = PBXFileReference; lastKnownFileType = sourcecode.c.h; path = NENavCustomView.h; sourceTree = "<group>"; };
		C7D05B1B24EE2D9000079BF5 /* NENavCustomView.m */ = {isa = PBXFileReference; lastKnownFileType = sourcecode.c.objc; path = NENavCustomView.m; sourceTree = "<group>"; };
		C7D05B1E24EE2E3E00079BF5 /* PrefixHeader.pch */ = {isa = PBXFileReference; lastKnownFileType = sourcecode.c.h; path = PrefixHeader.pch; sourceTree = "<group>"; };
		C7D05B2A24EE554D00079BF5 /* NERtcContactsViewController.h */ = {isa = PBXFileReference; lastKnownFileType = sourcecode.c.h; path = NERtcContactsViewController.h; sourceTree = "<group>"; };
		C7D05B2B24EE554D00079BF5 /* NERtcContactsViewController.m */ = {isa = PBXFileReference; lastKnownFileType = sourcecode.c.objc; path = NERtcContactsViewController.m; sourceTree = "<group>"; };
		C7D05B2F24EE6B8B00079BF5 /* NEBaseUserListView.h */ = {isa = PBXFileReference; lastKnownFileType = sourcecode.c.h; path = NEBaseUserListView.h; sourceTree = "<group>"; };
		C7D05B3024EE6B8B00079BF5 /* NEBaseUserListView.m */ = {isa = PBXFileReference; lastKnownFileType = sourcecode.c.objc; path = NEBaseUserListView.m; sourceTree = "<group>"; };
		C7D05B3224EE6F4800079BF5 /* NEHistoryView.h */ = {isa = PBXFileReference; lastKnownFileType = sourcecode.c.h; path = NEHistoryView.h; sourceTree = "<group>"; };
		C7D05B3324EE6F4800079BF5 /* NEHistoryView.m */ = {isa = PBXFileReference; lastKnownFileType = sourcecode.c.objc; path = NEHistoryView.m; sourceTree = "<group>"; };
		C7D05B3524EE6F6100079BF5 /* NESearchResultView.h */ = {isa = PBXFileReference; lastKnownFileType = sourcecode.c.h; path = NESearchResultView.h; sourceTree = "<group>"; };
		C7D05B3624EE6F6100079BF5 /* NESearchResultView.m */ = {isa = PBXFileReference; lastKnownFileType = sourcecode.c.objc; path = NESearchResultView.m; sourceTree = "<group>"; };
		C7D05B3824EE703200079BF5 /* NEHistoryCell.h */ = {isa = PBXFileReference; lastKnownFileType = sourcecode.c.h; path = NEHistoryCell.h; sourceTree = "<group>"; };
		C7D05B3924EE703200079BF5 /* NEHistoryCell.m */ = {isa = PBXFileReference; lastKnownFileType = sourcecode.c.objc; path = NEHistoryCell.m; sourceTree = "<group>"; };
		C7D05B3C24EE730400079BF5 /* NEUser.h */ = {isa = PBXFileReference; lastKnownFileType = sourcecode.c.h; path = NEUser.h; sourceTree = "<group>"; };
		C7D05B3D24EE730400079BF5 /* NEUser.m */ = {isa = PBXFileReference; lastKnownFileType = sourcecode.c.objc; path = NEUser.m; sourceTree = "<group>"; };
		F529C3FC806BA1848C19DF0C /* Pods-NLiteAVDemo.release.xcconfig */ = {isa = PBXFileReference; includeInIndex = 1; lastKnownFileType = text.xcconfig; name = "Pods-NLiteAVDemo.release.xcconfig"; path = "Target Support Files/Pods-NLiteAVDemo/Pods-NLiteAVDemo.release.xcconfig"; sourceTree = "<group>"; };
/* End PBXFileReference section */

/* Begin PBXFrameworksBuildPhase section */
		C758CCD224EB7F5A003C406A /* Frameworks */ = {
			isa = PBXFrameworksBuildPhase;
			buildActionMask = 2147483647;
			files = (
				4B1CE8D87B045036DB9DCCAE /* Pods_NLiteAVDemo.framework in Frameworks */,
			);
			runOnlyForDeploymentPostprocessing = 0;
		};
/* End PBXFrameworksBuildPhase section */

/* Begin PBXGroup section */
		39278A13850E2BDF727DCC9E /* Frameworks */ = {
			isa = PBXGroup;
			children = (
				351BD670226DDD5B57B8EBF7 /* Pods_NLiteAVDemo.framework */,
			);
			name = Frameworks;
			sourceTree = "<group>";
		};
		86B9C26624F74BA0002779E7 /* Service */ = {
			isa = PBXGroup;
			children = (
				86B9C26924F74BA0002779E7 /* NEServiceTask.h */,
				86B9C26724F74BA0002779E7 /* NEService.h */,
				86B9C26A24F74BA0002779E7 /* NEService.m */,
				86B9C26B24F74BA0002779E7 /* NETask.h */,
				86B9C26824F74BA0002779E7 /* NETask.m */,
				C744A25924F7CA5E004623DE /* NESendSmsCodeTask.h */,
				C744A25A24F7CA5E004623DE /* NESendSmsCodeTask.m */,
			);
			path = Service;
			sourceTree = "<group>";
		};
		86B9C26C24F74BA0002779E7 /* Utils */ = {
			isa = PBXGroup;
			children = (
				86CD6C3224F8E46E00E42725 /* Account */,
				86E0E67924F8AF8E0030193D /* Navigator */,
				86B9C27A24F74C55002779E7 /* BaseVC */,
				86B9C26D24F74BA0002779E7 /* Category */,
				86B9C27224F74BA0002779E7 /* Macro */,
			);
			path = Utils;
			sourceTree = "<group>";
		};
		86B9C26D24F74BA0002779E7 /* Category */ = {
			isa = PBXGroup;
			children = (
				86B9C28024F74EC2002779E7 /* UIColor+NTES.h */,
				86B9C27E24F74EC2002779E7 /* UIColor+NTES.m */,
				86B9C27F24F74EC2002779E7 /* UIImage+NTES.h */,
				86B9C28124F74EC2002779E7 /* UIImage+NTES.m */,
				86B9C27024F74BA0002779E7 /* UIView+NTES.h */,
				86B9C26E24F74BA0002779E7 /* UIView+NTES.m */,
				86B9C26F24F74BA0002779E7 /* NSDictionary+NTESJson.h */,
				86B9C27124F74BA0002779E7 /* NSDictionary+NTESJson.m */,
			);
			path = Category;
			sourceTree = "<group>";
		};
		86B9C27224F74BA0002779E7 /* Macro */ = {
			isa = PBXGroup;
			children = (
				86B9C27424F74BA0002779E7 /* NSMacro.h */,
				86B9C27324F74BA0002779E7 /* NSMacro.m */,
			);
			path = Macro;
			sourceTree = "<group>";
		};
		86B9C27A24F74C55002779E7 /* BaseVC */ = {
			isa = PBXGroup;
			children = (
				86B9C27B24F74C83002779E7 /* NEBaseViewController.h */,
				86B9C27C24F74C84002779E7 /* NEBaseViewController.m */,
			);
			path = BaseVC;
			sourceTree = "<group>";
		};
		86B9C28424F74ED2002779E7 /* View */ = {
			isa = PBXGroup;
			children = (
				86B9C28524F74ED2002779E7 /* NTELoginVC.h */,
				86B9C28824F74ED2002779E7 /* NTELoginVC.m */,
				86B9C28924F74ED2002779E7 /* NTFInputSmsVC.h */,
				86B9C28624F74ED2002779E7 /* NTFInputSmsVC.m */,
				86B9C28724F74ED2002779E7 /* NTFSmsInputView.h */,
				86B9C28A24F74ED2002779E7 /* NTFSmsInputView.m */,
				86CD6C3A24F8E82800E42725 /* NELoginOptions.h */,
				86CD6C3B24F8E82800E42725 /* NELoginOptions.m */,
				86CD6C3F24F8FC8100E42725 /* NECountDownButton.h */,
				86CD6C4024F8FC8100E42725 /* NECountDownButton.m */,
			);
			path = View;
			sourceTree = "<group>";
		};
		86CD6C3224F8E46E00E42725 /* Account */ = {
			isa = PBXGroup;
			children = (
				86CD6C3324F8E46E00E42725 /* NEAccount.h */,
				86CD6C3524F8E46E00E42725 /* NEAccount.m */,
				86CD6C3424F8E46E00E42725 /* NEAccountTask.h */,
				86CD6C3624F8E46E00E42725 /* NEAccountTask.m */,
			);
			path = Account;
			sourceTree = "<group>";
		};
		86E0E67924F8AF8E0030193D /* Navigator */ = {
			isa = PBXGroup;
			children = (
				86E0E67A24F8B09F0030193D /* NENavigator.h */,
				86E0E67B24F8B09F0030193D /* NENavigator.m */,
			);
			path = Navigator;
			sourceTree = "<group>";
		};
		C758CCCC24EB7F5A003C406A = {
			isa = PBXGroup;
			children = (
				86B9C26624F74BA0002779E7 /* Service */,
				86B9C26C24F74BA0002779E7 /* Utils */,
				C758CCD724EB7F5A003C406A /* NLiteAVDemo */,
				C7D05B2224EE473F00079BF5 /* Menu */,
				C7D05B2024EE473000079BF5 /* Login */,
				C775863724EB829600C79401 /* NERtcVideoCall */,
				C758CCD624EB7F5A003C406A /* Products */,
				ED60ED5323840FB0919BFBAC /* Pods */,
				39278A13850E2BDF727DCC9E /* Frameworks */,
			);
			sourceTree = "<group>";
		};
		C758CCD624EB7F5A003C406A /* Products */ = {
			isa = PBXGroup;
			children = (
				C758CCD524EB7F5A003C406A /* 网易云信 NERTC.app */,
			);
			name = Products;
			sourceTree = "<group>";
		};
		C758CCD724EB7F5A003C406A /* NLiteAVDemo */ = {
			isa = PBXGroup;
			children = (
				C7B5068624F6439E00C4D992 /* NLiteAVDemo.entitlements */,
				C758CCD824EB7F5A003C406A /* AppDelegate.h */,
				C758CCD924EB7F5A003C406A /* AppDelegate.m */,
				C728EEE32500D77D00D27176 /* AppKey.h */,
				C758CCE124EB7F5A003C406A /* Main.storyboard */,
				C758CCE424EB7F5F003C406A /* Assets.xcassets */,
				C758CCE624EB7F5F003C406A /* LaunchScreen.storyboard */,
				C758CCE924EB7F5F003C406A /* Info.plist */,
				C758CCEA24EB7F5F003C406A /* main.m */,
				C7D05B1E24EE2E3E00079BF5 /* PrefixHeader.pch */,
			);
			path = NLiteAVDemo;
			sourceTree = "<group>";
		};
		C775863724EB829600C79401 /* NERtcVideoCall */ = {
			isa = PBXGroup;
			children = (
				C7A3C36F24F8A02E00EDE9A1 /* Task */,
				C775864124EBF2A400C79401 /* UI */,
				C775864024EBF29400C79401 /* Model */,
			);
			path = NERtcVideoCall;
			sourceTree = "<group>";
		};
		C775864024EBF29400C79401 /* Model */ = {
			isa = PBXGroup;
			children = (
				C7D05B3C24EE730400079BF5 /* NEUser.h */,
				C7D05B3D24EE730400079BF5 /* NEUser.m */,
				C775863D24EBC4A300C79401 /* NERtcVideoCall.h */,
				C775863E24EBC4A300C79401 /* NERtcVideoCall.m */,
				C78370DB24ED28A50051800B /* NERtcVideoCallDelegate.h */,
				C738D1FC24EFC294002FD4D7 /* NERtcVideoCallModel.h */,
				C738D1FD24EFC294002FD4D7 /* NERtcVideoCallModel.m */,
			);
			path = Model;
			sourceTree = "<group>";
		};
		C775864124EBF2A400C79401 /* UI */ = {
			isa = PBXGroup;
			children = (
				C7D05B2E24EE6B5F00079BF5 /* View */,
				C7D05B2D24EE6B4F00079BF5 /* ViewController */,
			);
			path = UI;
			sourceTree = "<group>";
		};
		C7A3C36F24F8A02E00EDE9A1 /* Task */ = {
			isa = PBXGroup;
			children = (
				C7A3C37024F8A05C00EDE9A1 /* NESearchTask.h */,
				C7A3C37124F8A05C00EDE9A1 /* NESearchTask.m */,
			);
			path = Task;
			sourceTree = "<group>";
		};
		C7D05B1D24EE2D9E00079BF5 /* View */ = {
			isa = PBXGroup;
			children = (
				C7D05B1A24EE2D9000079BF5 /* NENavCustomView.h */,
				C7D05B1B24EE2D9000079BF5 /* NENavCustomView.m */,
				C7D05B1724EE1F1D00079BF5 /* NEMenuViewController.h */,
				C7D05B1824EE1F1D00079BF5 /* NEMenuViewController.m */,
				C738D1F324EF7142002FD4D7 /* NEMenuCell.h */,
				C738D1F424EF7142002FD4D7 /* NEMenuCell.m */,
			);
			path = View;
			sourceTree = "<group>";
		};
		C7D05B2024EE473000079BF5 /* Login */ = {
			isa = PBXGroup;
			children = (
				86B9C28424F74ED2002779E7 /* View */,
			);
			path = Login;
			sourceTree = "<group>";
		};
		C7D05B2224EE473F00079BF5 /* Menu */ = {
			isa = PBXGroup;
			children = (
				C7D05B1D24EE2D9E00079BF5 /* View */,
			);
			path = Menu;
			sourceTree = "<group>";
		};
		C7D05B2D24EE6B4F00079BF5 /* ViewController */ = {
			isa = PBXGroup;
			children = (
				C7D05B2A24EE554D00079BF5 /* NERtcContactsViewController.h */,
				C7D05B2B24EE554D00079BF5 /* NERtcContactsViewController.m */,
				C738D1F624EF9A1E002FD4D7 /* NECallViewController.h */,
				C738D1F724EF9A1E002FD4D7 /* NECallViewController.m */,
			);
			path = ViewController;
			sourceTree = "<group>";
		};
		C7D05B2E24EE6B5F00079BF5 /* View */ = {
			isa = PBXGroup;
			children = (
				C7410B7E24F4FE59005B10AF /* NEVideoOperationView.h */,
				C7410B7F24F4FE59005B10AF /* NEVideoOperationView.m */,
				C7D05B2F24EE6B8B00079BF5 /* NEBaseUserListView.h */,
				C7D05B3024EE6B8B00079BF5 /* NEBaseUserListView.m */,
				C7D05B3224EE6F4800079BF5 /* NEHistoryView.h */,
				C7D05B3324EE6F4800079BF5 /* NEHistoryView.m */,
				C7D05B3524EE6F6100079BF5 /* NESearchResultView.h */,
				C7D05B3624EE6F6100079BF5 /* NESearchResultView.m */,
				C7D05B3824EE703200079BF5 /* NEHistoryCell.h */,
				C7D05B3924EE703200079BF5 /* NEHistoryCell.m */,
				C7805DA124FCEEC000B7F638 /* NESearchResultCell.h */,
				C7805DA224FCEEC000B7F638 /* NESearchResultCell.m */,
				C738D1F924EFA628002FD4D7 /* NECustomButton.h */,
				C738D1FA24EFA628002FD4D7 /* NECustomButton.m */,
				C7B5068724F67F4000C4D992 /* NEVideoView.h */,
				C7B5068824F67F4000C4D992 /* NEVideoView.m */,
			);
			path = View;
			sourceTree = "<group>";
		};
		ED60ED5323840FB0919BFBAC /* Pods */ = {
			isa = PBXGroup;
			children = (
				9C3E631E57C6DCADE269362E /* Pods-NLiteAVDemo.debug.xcconfig */,
				F529C3FC806BA1848C19DF0C /* Pods-NLiteAVDemo.release.xcconfig */,
			);
			path = Pods;
			sourceTree = "<group>";
		};
/* End PBXGroup section */

/* Begin PBXNativeTarget section */
		C758CCD424EB7F5A003C406A /* NLiteAVDemo */ = {
			isa = PBXNativeTarget;
			buildConfigurationList = C758CCEE24EB7F5F003C406A /* Build configuration list for PBXNativeTarget "NLiteAVDemo" */;
			buildPhases = (
				BB55C8E33DE19AD847449B27 /* [CP] Check Pods Manifest.lock */,
				C758CCD124EB7F5A003C406A /* Sources */,
				C758CCD224EB7F5A003C406A /* Frameworks */,
				C758CCD324EB7F5A003C406A /* Resources */,
				CD7A9B1FF40F66D34F55150E /* [CP] Embed Pods Frameworks */,
				C79685B524F901890093AF5C /* Embed Frameworks */,
			);
			buildRules = (
			);
			dependencies = (
			);
			name = NLiteAVDemo;
			productName = NLiteAVDemo;
			productReference = C758CCD524EB7F5A003C406A /* 网易云信 NERTC.app */;
			productType = "com.apple.product-type.application";
		};
/* End PBXNativeTarget section */

/* Begin PBXProject section */
		C758CCCD24EB7F5A003C406A /* Project object */ = {
			isa = PBXProject;
			attributes = {
				LastUpgradeCheck = 1150;
				ORGANIZATIONNAME = Netease;
				TargetAttributes = {
					C758CCD424EB7F5A003C406A = {
						CreatedOnToolsVersion = 11.5;
					};
				};
			};
			buildConfigurationList = C758CCD024EB7F5A003C406A /* Build configuration list for PBXProject "NLiteAVDemo" */;
			compatibilityVersion = "Xcode 9.3";
			developmentRegion = en;
			hasScannedForEncodings = 0;
			knownRegions = (
				en,
				Base,
			);
			mainGroup = C758CCCC24EB7F5A003C406A;
			productRefGroup = C758CCD624EB7F5A003C406A /* Products */;
			projectDirPath = "";
			projectRoot = "";
			targets = (
				C758CCD424EB7F5A003C406A /* NLiteAVDemo */,
			);
		};
/* End PBXProject section */

/* Begin PBXResourcesBuildPhase section */
		C758CCD324EB7F5A003C406A /* Resources */ = {
			isa = PBXResourcesBuildPhase;
			buildActionMask = 2147483647;
			files = (
				C758CCE824EB7F5F003C406A /* LaunchScreen.storyboard in Resources */,
				C758CCE524EB7F5F003C406A /* Assets.xcassets in Resources */,
				C758CCE324EB7F5A003C406A /* Main.storyboard in Resources */,
			);
			runOnlyForDeploymentPostprocessing = 0;
		};
/* End PBXResourcesBuildPhase section */

/* Begin PBXShellScriptBuildPhase section */
		BB55C8E33DE19AD847449B27 /* [CP] Check Pods Manifest.lock */ = {
			isa = PBXShellScriptBuildPhase;
			buildActionMask = 2147483647;
			files = (
			);
			inputFileListPaths = (
			);
			inputPaths = (
				"${PODS_PODFILE_DIR_PATH}/Podfile.lock",
				"${PODS_ROOT}/Manifest.lock",
			);
			name = "[CP] Check Pods Manifest.lock";
			outputFileListPaths = (
			);
			outputPaths = (
				"$(DERIVED_FILE_DIR)/Pods-NLiteAVDemo-checkManifestLockResult.txt",
			);
			runOnlyForDeploymentPostprocessing = 0;
			shellPath = /bin/sh;
			shellScript = "diff \"${PODS_PODFILE_DIR_PATH}/Podfile.lock\" \"${PODS_ROOT}/Manifest.lock\" > /dev/null\nif [ $? != 0 ] ; then\n    # print error to STDERR\n    echo \"error: The sandbox is not in sync with the Podfile.lock. Run 'pod install' or update your CocoaPods installation.\" >&2\n    exit 1\nfi\n# This output is used by Xcode 'outputs' to avoid re-running this script phase.\necho \"SUCCESS\" > \"${SCRIPT_OUTPUT_FILE_0}\"\n";
			showEnvVarsInLog = 0;
		};
		CD7A9B1FF40F66D34F55150E /* [CP] Embed Pods Frameworks */ = {
			isa = PBXShellScriptBuildPhase;
			buildActionMask = 2147483647;
			files = (
			);
			inputFileListPaths = (
				"${PODS_ROOT}/Target Support Files/Pods-NLiteAVDemo/Pods-NLiteAVDemo-frameworks-${CONFIGURATION}-input-files.xcfilelist",
			);
			name = "[CP] Embed Pods Frameworks";
			outputFileListPaths = (
				"${PODS_ROOT}/Target Support Files/Pods-NLiteAVDemo/Pods-NLiteAVDemo-frameworks-${CONFIGURATION}-output-files.xcfilelist",
			);
			runOnlyForDeploymentPostprocessing = 0;
			shellPath = /bin/sh;
			shellScript = "\"${PODS_ROOT}/Target Support Files/Pods-NLiteAVDemo/Pods-NLiteAVDemo-frameworks.sh\"\n";
			showEnvVarsInLog = 0;
		};
/* End PBXShellScriptBuildPhase section */

/* Begin PBXSourcesBuildPhase section */
		C758CCD124EB7F5A003C406A /* Sources */ = {
			isa = PBXSourcesBuildPhase;
			buildActionMask = 2147483647;
			files = (
				C738D1FE24EFC294002FD4D7 /* NERtcVideoCallModel.m in Sources */,
				C758CCDA24EB7F5A003C406A /* AppDelegate.m in Sources */,
				86B9C27624F74BA0002779E7 /* NEService.m in Sources */,
				86CD6C3724F8E46E00E42725 /* NEAccount.m in Sources */,
				C7D05B1C24EE2D9000079BF5 /* NENavCustomView.m in Sources */,
				C7B5068924F67F4000C4D992 /* NEVideoView.m in Sources */,
				86E0E67C24F8B09F0030193D /* NENavigator.m in Sources */,
				C7D05B3A24EE703200079BF5 /* NEHistoryCell.m in Sources */,
				86B9C27D24F74C84002779E7 /* NEBaseViewController.m in Sources */,
				C738D1F824EF9A1E002FD4D7 /* NECallViewController.m in Sources */,
				C775863F24EBC4A300C79401 /* NERtcVideoCall.m in Sources */,
				C7A3C37224F8A05C00EDE9A1 /* NESearchTask.m in Sources */,
				86B9C27724F74BA0002779E7 /* UIView+NTES.m in Sources */,
				C7D05B3424EE6F4800079BF5 /* NEHistoryView.m in Sources */,
				86B9C27824F74BA0002779E7 /* NSDictionary+NTESJson.m in Sources */,
				86B9C28C24F74ED2002779E7 /* NTELoginVC.m in Sources */,
				86CD6C4124F8FC8100E42725 /* NECountDownButton.m in Sources */,
				C7D05B3724EE6F6100079BF5 /* NESearchResultView.m in Sources */,
				86CD6C3824F8E46E00E42725 /* NEAccountTask.m in Sources */,
				C7D05B3E24EE730400079BF5 /* NEUser.m in Sources */,
				C7410B8024F4FE59005B10AF /* NEVideoOperationView.m in Sources */,
				86B9C28324F74EC2002779E7 /* UIImage+NTES.m in Sources */,
				C7D05B1924EE1F1D00079BF5 /* NEMenuViewController.m in Sources */,
				C738D1F524EF7142002FD4D7 /* NEMenuCell.m in Sources */,
				86B9C28D24F74ED2002779E7 /* NTFSmsInputView.m in Sources */,
				C7D05B2C24EE554D00079BF5 /* NERtcContactsViewController.m in Sources */,
				86CD6C3C24F8E82800E42725 /* NELoginOptions.m in Sources */,
				C7805DA324FCEEC000B7F638 /* NESearchResultCell.m in Sources */,
				C758CCEB24EB7F5F003C406A /* main.m in Sources */,
				C738D1FB24EFA628002FD4D7 /* NECustomButton.m in Sources */,
				86B9C28B24F74ED2002779E7 /* NTFInputSmsVC.m in Sources */,
				86B9C27524F74BA0002779E7 /* NETask.m in Sources */,
				C7D05B3124EE6B8B00079BF5 /* NEBaseUserListView.m in Sources */,
				86B9C27924F74BA0002779E7 /* NSMacro.m in Sources */,
				C744A25B24F7CA5E004623DE /* NESendSmsCodeTask.m in Sources */,
				86B9C28224F74EC2002779E7 /* UIColor+NTES.m in Sources */,
			);
			runOnlyForDeploymentPostprocessing = 0;
		};
/* End PBXSourcesBuildPhase section */

/* Begin PBXVariantGroup section */
		C758CCE124EB7F5A003C406A /* Main.storyboard */ = {
			isa = PBXVariantGroup;
			children = (
				C758CCE224EB7F5A003C406A /* Base */,
			);
			name = Main.storyboard;
			sourceTree = "<group>";
		};
		C758CCE624EB7F5F003C406A /* LaunchScreen.storyboard */ = {
			isa = PBXVariantGroup;
			children = (
				C758CCE724EB7F5F003C406A /* Base */,
			);
			name = LaunchScreen.storyboard;
			sourceTree = "<group>";
		};
/* End PBXVariantGroup section */

/* Begin XCBuildConfiguration section */
		C758CCEC24EB7F5F003C406A /* Debug */ = {
			isa = XCBuildConfiguration;
			buildSettings = {
				ALWAYS_SEARCH_USER_PATHS = NO;
				CLANG_ANALYZER_NONNULL = YES;
				CLANG_ANALYZER_NUMBER_OBJECT_CONVERSION = YES_AGGRESSIVE;
				CLANG_CXX_LANGUAGE_STANDARD = "gnu++14";
				CLANG_CXX_LIBRARY = "libc++";
				CLANG_ENABLE_MODULES = YES;
				CLANG_ENABLE_OBJC_ARC = YES;
				CLANG_ENABLE_OBJC_WEAK = YES;
				CLANG_WARN_BLOCK_CAPTURE_AUTORELEASING = YES;
				CLANG_WARN_BOOL_CONVERSION = YES;
				CLANG_WARN_COMMA = YES;
				CLANG_WARN_CONSTANT_CONVERSION = YES;
				CLANG_WARN_DEPRECATED_OBJC_IMPLEMENTATIONS = YES;
				CLANG_WARN_DIRECT_OBJC_ISA_USAGE = YES_ERROR;
				CLANG_WARN_DOCUMENTATION_COMMENTS = YES;
				CLANG_WARN_EMPTY_BODY = YES;
				CLANG_WARN_ENUM_CONVERSION = YES;
				CLANG_WARN_INFINITE_RECURSION = YES;
				CLANG_WARN_INT_CONVERSION = YES;
				CLANG_WARN_NON_LITERAL_NULL_CONVERSION = YES;
				CLANG_WARN_OBJC_IMPLICIT_RETAIN_SELF = YES;
				CLANG_WARN_OBJC_LITERAL_CONVERSION = YES;
				CLANG_WARN_OBJC_ROOT_CLASS = YES_ERROR;
				CLANG_WARN_RANGE_LOOP_ANALYSIS = YES;
				CLANG_WARN_STRICT_PROTOTYPES = YES;
				CLANG_WARN_SUSPICIOUS_MOVE = YES;
				CLANG_WARN_UNGUARDED_AVAILABILITY = YES_AGGRESSIVE;
				CLANG_WARN_UNREACHABLE_CODE = YES;
				CLANG_WARN__DUPLICATE_METHOD_MATCH = YES;
				COPY_PHASE_STRIP = NO;
				DEBUG_INFORMATION_FORMAT = dwarf;
				ENABLE_STRICT_OBJC_MSGSEND = YES;
				ENABLE_TESTABILITY = YES;
				GCC_C_LANGUAGE_STANDARD = gnu11;
				GCC_DYNAMIC_NO_PIC = NO;
				GCC_NO_COMMON_BLOCKS = YES;
				GCC_OPTIMIZATION_LEVEL = 0;
				GCC_PREPROCESSOR_DEFINITIONS = (
					"DEBUG=1",
					"$(inherited)",
				);
				GCC_WARN_64_TO_32_BIT_CONVERSION = YES;
				GCC_WARN_ABOUT_RETURN_TYPE = YES_ERROR;
				GCC_WARN_UNDECLARED_SELECTOR = YES;
				GCC_WARN_UNINITIALIZED_AUTOS = YES_AGGRESSIVE;
				GCC_WARN_UNUSED_FUNCTION = YES;
				GCC_WARN_UNUSED_VARIABLE = YES;
				IPHONEOS_DEPLOYMENT_TARGET = 13.5;
				MTL_ENABLE_DEBUG_INFO = INCLUDE_SOURCE;
				MTL_FAST_MATH = YES;
				ONLY_ACTIVE_ARCH = YES;
				SDKROOT = iphoneos;
			};
			name = Debug;
		};
		C758CCED24EB7F5F003C406A /* Release */ = {
			isa = XCBuildConfiguration;
			buildSettings = {
				ALWAYS_SEARCH_USER_PATHS = NO;
				CLANG_ANALYZER_NONNULL = YES;
				CLANG_ANALYZER_NUMBER_OBJECT_CONVERSION = YES_AGGRESSIVE;
				CLANG_CXX_LANGUAGE_STANDARD = "gnu++14";
				CLANG_CXX_LIBRARY = "libc++";
				CLANG_ENABLE_MODULES = YES;
				CLANG_ENABLE_OBJC_ARC = YES;
				CLANG_ENABLE_OBJC_WEAK = YES;
				CLANG_WARN_BLOCK_CAPTURE_AUTORELEASING = YES;
				CLANG_WARN_BOOL_CONVERSION = YES;
				CLANG_WARN_COMMA = YES;
				CLANG_WARN_CONSTANT_CONVERSION = YES;
				CLANG_WARN_DEPRECATED_OBJC_IMPLEMENTATIONS = YES;
				CLANG_WARN_DIRECT_OBJC_ISA_USAGE = YES_ERROR;
				CLANG_WARN_DOCUMENTATION_COMMENTS = YES;
				CLANG_WARN_EMPTY_BODY = YES;
				CLANG_WARN_ENUM_CONVERSION = YES;
				CLANG_WARN_INFINITE_RECURSION = YES;
				CLANG_WARN_INT_CONVERSION = YES;
				CLANG_WARN_NON_LITERAL_NULL_CONVERSION = YES;
				CLANG_WARN_OBJC_IMPLICIT_RETAIN_SELF = YES;
				CLANG_WARN_OBJC_LITERAL_CONVERSION = YES;
				CLANG_WARN_OBJC_ROOT_CLASS = YES_ERROR;
				CLANG_WARN_RANGE_LOOP_ANALYSIS = YES;
				CLANG_WARN_STRICT_PROTOTYPES = YES;
				CLANG_WARN_SUSPICIOUS_MOVE = YES;
				CLANG_WARN_UNGUARDED_AVAILABILITY = YES_AGGRESSIVE;
				CLANG_WARN_UNREACHABLE_CODE = YES;
				CLANG_WARN__DUPLICATE_METHOD_MATCH = YES;
				COPY_PHASE_STRIP = NO;
				DEBUG_INFORMATION_FORMAT = "dwarf-with-dsym";
				ENABLE_NS_ASSERTIONS = NO;
				ENABLE_STRICT_OBJC_MSGSEND = YES;
				GCC_C_LANGUAGE_STANDARD = gnu11;
				GCC_NO_COMMON_BLOCKS = YES;
				GCC_WARN_64_TO_32_BIT_CONVERSION = YES;
				GCC_WARN_ABOUT_RETURN_TYPE = YES_ERROR;
				GCC_WARN_UNDECLARED_SELECTOR = YES;
				GCC_WARN_UNINITIALIZED_AUTOS = YES_AGGRESSIVE;
				GCC_WARN_UNUSED_FUNCTION = YES;
				GCC_WARN_UNUSED_VARIABLE = YES;
				IPHONEOS_DEPLOYMENT_TARGET = 13.5;
				MTL_ENABLE_DEBUG_INFO = NO;
				MTL_FAST_MATH = YES;
				SDKROOT = iphoneos;
				VALIDATE_PRODUCT = YES;
			};
			name = Release;
		};
		C758CCEF24EB7F5F003C406A /* Debug */ = {
			isa = XCBuildConfiguration;
			baseConfigurationReference = 9C3E631E57C6DCADE269362E /* Pods-NLiteAVDemo.debug.xcconfig */;
			buildSettings = {
				ASSETCATALOG_COMPILER_APPICON_NAME = AppIcon;
				CODE_SIGN_ENTITLEMENTS = NLiteAVDemo/NLiteAVDemo.entitlements;
				CODE_SIGN_IDENTITY = "iPhone Developer";
				CODE_SIGN_STYLE = Manual;
				CURRENT_PROJECT_VERSION = 4;
				DEVELOPMENT_TEAM = 569GNZ5392;
				GCC_PREFIX_HEADER = "$(SRCROOT)/NLiteAVDemo/PrefixHeader.pch";
				INFOPLIST_FILE = NLiteAVDemo/Info.plist;
				IPHONEOS_DEPLOYMENT_TARGET = 9.0;
				LD_RUNPATH_SEARCH_PATHS = (
					"$(inherited)",
					"@executable_path/Frameworks",
				);
				PRODUCT_BUNDLE_IDENTIFIER = com.netease.NEAVDemo;
				PRODUCT_NAME = "网易云信 NERTC";
				PROVISIONING_PROFILE_SPECIFIER = NELiteAVDemo_Profile_Dev;
				TARGETED_DEVICE_FAMILY = "1,2";
			};
			name = Debug;
		};
		C758CCF024EB7F5F003C406A /* Release */ = {
			isa = XCBuildConfiguration;
			baseConfigurationReference = F529C3FC806BA1848C19DF0C /* Pods-NLiteAVDemo.release.xcconfig */;
			buildSettings = {
				ASSETCATALOG_COMPILER_APPICON_NAME = AppIcon;
				CODE_SIGN_ENTITLEMENTS = NLiteAVDemo/NLiteAVDemo.entitlements;
				CODE_SIGN_IDENTITY = "iPhone Distribution";
				CODE_SIGN_STYLE = Manual;
				CURRENT_PROJECT_VERSION = 4;
				DEVELOPMENT_TEAM = J669Y64Z9Y;
				GCC_PREFIX_HEADER = "$(SRCROOT)/NLiteAVDemo/PrefixHeader.pch";
				INFOPLIST_FILE = NLiteAVDemo/Info.plist;
				IPHONEOS_DEPLOYMENT_TARGET = 9.0;
				LD_RUNPATH_SEARCH_PATHS = (
					"$(inherited)",
					"@executable_path/Frameworks",
				);
				PRODUCT_BUNDLE_IDENTIFIER = com.netease.NEAVDemo;
				PRODUCT_NAME = "网易云信 NERTC";
				PROVISIONING_PROFILE_SPECIFIER = NEAVDemo_AppStore;
				TARGETED_DEVICE_FAMILY = "1,2";
			};
			name = Release;
		};
/* End XCBuildConfiguration section */

/* Begin XCConfigurationList section */
		C758CCD024EB7F5A003C406A /* Build configuration list for PBXProject "NLiteAVDemo" */ = {
			isa = XCConfigurationList;
			buildConfigurations = (
				C758CCEC24EB7F5F003C406A /* Debug */,
				C758CCED24EB7F5F003C406A /* Release */,
			);
			defaultConfigurationIsVisible = 0;
			defaultConfigurationName = Release;
		};
		C758CCEE24EB7F5F003C406A /* Build configuration list for PBXNativeTarget "NLiteAVDemo" */ = {
			isa = XCConfigurationList;
			buildConfigurations = (
				C758CCEF24EB7F5F003C406A /* Debug */,
				C758CCF024EB7F5F003C406A /* Release */,
			);
			defaultConfigurationIsVisible = 0;
			defaultConfigurationName = Release;
		};
/* End XCConfigurationList section */
	};
	rootObject = C758CCCD24EB7F5A003C406A /* Project object */;
}
