{
  "name": "miniprogram-necall",
  "version": "1.0.0",
  "lockfileVersion": 2,
  "requires": true,
  "packages": {
    "": {
      "name": "miniprogram-necall",
      "version": "1.0.0",
      "license": "ISC",
      "dependencies": {
        "@xkit-yx/call-kit": "^1.8.2",
        "@xkit-yx/call-kit-wx-ui": "^0.0.2"
      },
      "devDependencies": {
        "miniprogram-api-typings": "^2.8.3-1"
      }
    },
    "node_modules/@types/webrtc": {
      "version": "0.0.31",
      "resolved": "https://registry.npmjs.org/@types/webrtc/-/webrtc-0.0.31.tgz",
      "integrity": "sha512-GEoJIoM/ddxdaGnu0enJVDTdvwwr3/tPkpXz0LBTSi282gqxWDg1ffk4fzHU2dosNshp+Slq1kfGxpKs5083Nw=="
    },
    "node_modules/@xkit-yx/call-kit": {
      "version": "1.8.2",
      "resolved": "https://registry.npmjs.org/@xkit-yx/call-kit/-/call-kit-1.8.2.tgz",
      "integrity": "sha512-Gp2cE1qpCRmKhYS40QU6tpgINjSBUAHD+G2KyKsd6zSoR3v3sV6sxYD8qiyNLkh+tEoiZkFO1dP9g6ZFkAQWXg==",
      "dependencies": {
        "@xkit-yx/utils": "^0.4.4",
        "eventemitter3": "^4.0.7",
        "nertc-web-sdk": "^4.6.25",
        "yunxin-log-debug": "^1.1.6"
      }
    },
    "node_modules/@xkit-yx/call-kit-wx-ui": {
      "version": "0.0.2",
      "resolved": "https://registry.npmjs.org/@xkit-yx/call-kit-wx-ui/-/call-kit-wx-ui-0.0.2.tgz",
      "integrity": "sha512-LInhqg87+LFiPqpX37nAoTabkmaTwL7tCcyYhqKH1VyKEs73rE07IvPWjmh8U8IMzcL5/4W+FELjr4eKHmCw1w=="
    },
    "node_modules/@xkit-yx/utils": {
      "version": "0.4.4",
      "resolved": "https://registry.npmjs.org/@xkit-yx/utils/-/utils-0.4.4.tgz",
      "integrity": "sha512-qUw4GNgKgAHtF3D1IRrBpZbrqayxStdytrS3fTwcmrtkrXWi65fSXYkJasQNR7aeiuoP4hAOjkToHX1E3DNYqw==",
      "dependencies": {
        "axios": "^0.27.2",
        "eventemitter3": "^4.0.7"
      },
      "peerDependencies": {
        "axios": "^0.27.2",
        "eventemitter3": "^4.0.7"
      }
    },
    "node_modules/asynckit": {
      "version": "0.4.0",
      "resolved": "https://registry.npmjs.org/asynckit/-/asynckit-0.4.0.tgz",
      "integrity": "sha512-Oei9OH4tRh0YqU3GxhX79dM/mwVgvbZJaSNaRk+bshkj0S5cfHcgYakreBjrHwatXKbz+IoIdYLxrKim2MjW0Q=="
    },
    "node_modules/axios": {
      "version": "0.27.2",
      "resolved": "https://registry.npmjs.org/axios/-/axios-0.27.2.tgz",
      "integrity": "sha512-t+yRIyySRTp/wua5xEr+z1q60QmLq8ABsS5O9Me1AsE5dfKqgnCFzwiCZZ/cGNd1lq4/7akDWMxdhVlucjmnOQ==",
      "dependencies": {
        "follow-redirects": "^1.14.9",
        "form-data": "^4.0.0"
      }
    },
    "node_modules/combined-stream": {
      "version": "1.0.8",
      "resolved": "https://registry.npmjs.org/combined-stream/-/combined-stream-1.0.8.tgz",
      "integrity": "sha512-FQN4MRfuJeHf7cBbBMJFXhKSDq+2kAArBlmRBvcvFE5BB1HZKXtSFASDhdlz9zOYwxh8lDdnvmMOe/+5cdoEdg==",
      "dependencies": {
        "delayed-stream": "~1.0.0"
      },
      "engines": {
        "node": ">= 0.8"
      }
    },
    "node_modules/delayed-stream": {
      "version": "1.0.0",
      "resolved": "https://registry.npmjs.org/delayed-stream/-/delayed-stream-1.0.0.tgz",
      "integrity": "sha512-ZySD7Nf91aLB0RxL4KGrKHBXl7Eds1DAmEdcoVawXnLD7SDhpNgtuII2aAkg7a7QS41jxPSZ17p4VdGnMHk3MQ==",
      "engines": {
        "node": ">=0.4.0"
      }
    },
    "node_modules/eventemitter3": {
      "version": "4.0.7",
      "resolved": "https://registry.npmjs.org/eventemitter3/-/eventemitter3-4.0.7.tgz",
      "integrity": "sha512-8guHBZCwKnFhYdHr2ysuRWErTwhoN2X8XELRlrRwpmfeY2jjuUN4taQMsULKUVo1K4DvZl+0pgfyoysHxvmvEw=="
    },
    "node_modules/follow-redirects": {
      "version": "1.15.2",
      "resolved": "https://registry.npmjs.org/follow-redirects/-/follow-redirects-1.15.2.tgz",
      "integrity": "sha512-VQLG33o04KaQ8uYi2tVNbdrWp1QWxNNea+nmIB4EVM28v0hmP17z7aG1+wAkNzVq4KeXTq3221ye5qTJP91JwA==",
      "funding": [
        {
          "type": "individual",
          "url": "https://github.com/sponsors/RubenVerborgh"
        }
      ],
      "engines": {
        "node": ">=4.0"
      },
      "peerDependenciesMeta": {
        "debug": {
          "optional": true
        }
      }
    },
    "node_modules/form-data": {
      "version": "4.0.0",
      "resolved": "https://registry.npmjs.org/form-data/-/form-data-4.0.0.tgz",
      "integrity": "sha512-ETEklSGi5t0QMZuiXoA/Q6vcnxcLQP5vdugSpuAyi6SVGi2clPPp+xgEhuMaHC+zGgn31Kd235W35f7Hykkaww==",
      "dependencies": {
        "asynckit": "^0.4.0",
        "combined-stream": "^1.0.8",
        "mime-types": "^2.1.12"
      },
      "engines": {
        "node": ">= 6"
      }
    },
    "node_modules/loglevel": {
      "version": "1.8.1",
      "resolved": "https://registry.npmjs.org/loglevel/-/loglevel-1.8.1.tgz",
      "integrity": "sha512-tCRIJM51SHjAayKwC+QAg8hT8vg6z7GSgLJKGvzuPb1Wc+hLzqtuVLxp6/HzSPOozuK+8ErAhy7U/sVzw8Dgfg==",
      "engines": {
        "node": ">= 0.6.0"
      },
      "funding": {
        "type": "tidelift",
        "url": "https://tidelift.com/funding/github/npm/loglevel"
      }
    },
    "node_modules/mime-db": {
      "version": "1.52.0",
      "resolved": "https://registry.npmjs.org/mime-db/-/mime-db-1.52.0.tgz",
      "integrity": "sha512-sPU4uV7dYlvtWJxwwxHD0PuihVNiE7TyAbQ5SWxDCB9mUYvOgroQOwYQQOKPJ8CIbE+1ETVlOoK1UC2nU3gYvg==",
      "engines": {
        "node": ">= 0.6"
      }
    },
    "node_modules/mime-types": {
      "version": "2.1.35",
      "resolved": "https://registry.npmjs.org/mime-types/-/mime-types-2.1.35.tgz",
      "integrity": "sha512-ZDY+bPm5zTTF+YpCrAU9nK0UgICYPT0QtT1NZWFv4s++TNkcgVaT0g6+4R2uI4MjQjzysHB1zxuWL50hzaeXiw==",
      "dependencies": {
        "mime-db": "1.52.0"
      },
      "engines": {
        "node": ">= 0.6"
      }
    },
    "node_modules/miniprogram-api-typings": {
      "version": "2.12.0",
      "resolved": "https://registry.npmjs.org/miniprogram-api-typings/-/miniprogram-api-typings-2.12.0.tgz",
      "integrity": "sha512-ibvbqeslVFur0IAvTxLMvsbtvVcMo6gwvOnj0YZHV7aeDLu091VQRrETT2QuiG9P6aZWRcxeNGJChRKVPCp9VQ==",
      "dev": true
    },
    "node_modules/nertc-web-sdk": {
      "version": "4.6.25",
      "resolved": "https://registry.npmjs.org/nertc-web-sdk/-/nertc-web-sdk-4.6.25.tgz",
      "integrity": "sha512-fduQojv5/73bTzUuj8rmKtAhao9souvAevez9t+/+mCZJ0X57o5qiiw0CtVQbWdNSo9+EVdkyYyG8X+Aiv4u5w==",
      "dependencies": {
        "@types/webrtc": "^0.0.31"
      }
    },
    "node_modules/yunxin-log-debug": {
      "version": "1.1.6",
      "resolved": "https://registry.npmjs.org/yunxin-log-debug/-/yunxin-log-debug-1.1.6.tgz",
      "integrity": "sha512-4YLeJ29UxIwpjT5VORPnieOFtODkKnadcnBcY5ax2Vkd4J+XHm2ZwsbZYF/DCQq+yrSAsW3zjS3pVF0KcQZpbQ==",
      "dependencies": {
        "loglevel": "^1.7.1"
      }
    }
  },
  "dependencies": {
    "@types/webrtc": {
      "version": "0.0.31",
      "resolved": "https://registry.npmjs.org/@types/webrtc/-/webrtc-0.0.31.tgz",
      "integrity": "sha512-GEoJIoM/ddxdaGnu0enJVDTdvwwr3/tPkpXz0LBTSi282gqxWDg1ffk4fzHU2dosNshp+Slq1kfGxpKs5083Nw=="
    },
    "@xkit-yx/call-kit": {
      "version": "1.8.2",
      "resolved": "https://registry.npmjs.org/@xkit-yx/call-kit/-/call-kit-1.8.2.tgz",
      "integrity": "sha512-Gp2cE1qpCRmKhYS40QU6tpgINjSBUAHD+G2KyKsd6zSoR3v3sV6sxYD8qiyNLkh+tEoiZkFO1dP9g6ZFkAQWXg==",
      "requires": {
        "@xkit-yx/utils": "^0.4.4",
        "eventemitter3": "^4.0.7",
        "nertc-web-sdk": "^4.6.25",
        "yunxin-log-debug": "^1.1.6"
      }
    },
    "@xkit-yx/call-kit-wx-ui": {
      "version": "0.0.2",
      "resolved": "https://registry.npmjs.org/@xkit-yx/call-kit-wx-ui/-/call-kit-wx-ui-0.0.2.tgz",
      "integrity": "sha512-LInhqg87+LFiPqpX37nAoTabkmaTwL7tCcyYhqKH1VyKEs73rE07IvPWjmh8U8IMzcL5/4W+FELjr4eKHmCw1w=="
    },
    "@xkit-yx/utils": {
      "version": "0.4.4",
      "resolved": "https://registry.npmjs.org/@xkit-yx/utils/-/utils-0.4.4.tgz",
      "integrity": "sha512-qUw4GNgKgAHtF3D1IRrBpZbrqayxStdytrS3fTwcmrtkrXWi65fSXYkJasQNR7aeiuoP4hAOjkToHX1E3DNYqw==",
      "requires": {
        "axios": "^0.27.2",
        "eventemitter3": "^4.0.7"
      }
    },
    "asynckit": {
      "version": "0.4.0",
      "resolved": "https://registry.npmjs.org/asynckit/-/asynckit-0.4.0.tgz",
      "integrity": "sha512-Oei9OH4tRh0YqU3GxhX79dM/mwVgvbZJaSNaRk+bshkj0S5cfHcgYakreBjrHwatXKbz+IoIdYLxrKim2MjW0Q=="
    },
    "axios": {
      "version": "0.27.2",
      "resolved": "https://registry.npmjs.org/axios/-/axios-0.27.2.tgz",
      "integrity": "sha512-t+yRIyySRTp/wua5xEr+z1q60QmLq8ABsS5O9Me1AsE5dfKqgnCFzwiCZZ/cGNd1lq4/7akDWMxdhVlucjmnOQ==",
      "requires": {
        "follow-redirects": "^1.14.9",
        "form-data": "^4.0.0"
      }
    },
    "combined-stream": {
      "version": "1.0.8",
      "resolved": "https://registry.npmjs.org/combined-stream/-/combined-stream-1.0.8.tgz",
      "integrity": "sha512-FQN4MRfuJeHf7cBbBMJFXhKSDq+2kAArBlmRBvcvFE5BB1HZKXtSFASDhdlz9zOYwxh8lDdnvmMOe/+5cdoEdg==",
      "requires": {
        "delayed-stream": "~1.0.0"
      }
    },
    "delayed-stream": {
      "version": "1.0.0",
      "resolved": "https://registry.npmjs.org/delayed-stream/-/delayed-stream-1.0.0.tgz",
      "integrity": "sha512-ZySD7Nf91aLB0RxL4KGrKHBXl7Eds1DAmEdcoVawXnLD7SDhpNgtuII2aAkg7a7QS41jxPSZ17p4VdGnMHk3MQ=="
    },
    "eventemitter3": {
      "version": "4.0.7",
      "resolved": "https://registry.npmjs.org/eventemitter3/-/eventemitter3-4.0.7.tgz",
      "integrity": "sha512-8guHBZCwKnFhYdHr2ysuRWErTwhoN2X8XELRlrRwpmfeY2jjuUN4taQMsULKUVo1K4DvZl+0pgfyoysHxvmvEw=="
    },
    "follow-redirects": {
      "version": "1.15.2",
      "resolved": "https://registry.npmjs.org/follow-redirects/-/follow-redirects-1.15.2.tgz",
      "integrity": "sha512-VQLG33o04KaQ8uYi2tVNbdrWp1QWxNNea+nmIB4EVM28v0hmP17z7aG1+wAkNzVq4KeXTq3221ye5qTJP91JwA=="
    },
    "form-data": {
      "version": "4.0.0",
      "resolved": "https://registry.npmjs.org/form-data/-/form-data-4.0.0.tgz",
      "integrity": "sha512-ETEklSGi5t0QMZuiXoA/Q6vcnxcLQP5vdugSpuAyi6SVGi2clPPp+xgEhuMaHC+zGgn31Kd235W35f7Hykkaww==",
      "requires": {
        "asynckit": "^0.4.0",
        "combined-stream": "^1.0.8",
        "mime-types": "^2.1.12"
      }
    },
    "loglevel": {
      "version": "1.8.1",
      "resolved": "https://registry.npmjs.org/loglevel/-/loglevel-1.8.1.tgz",
      "integrity": "sha512-tCRIJM51SHjAayKwC+QAg8hT8vg6z7GSgLJKGvzuPb1Wc+hLzqtuVLxp6/HzSPOozuK+8ErAhy7U/sVzw8Dgfg=="
    },
    "mime-db": {
      "version": "1.52.0",
      "resolved": "https://registry.npmjs.org/mime-db/-/mime-db-1.52.0.tgz",
      "integrity": "sha512-sPU4uV7dYlvtWJxwwxHD0PuihVNiE7TyAbQ5SWxDCB9mUYvOgroQOwYQQOKPJ8CIbE+1ETVlOoK1UC2nU3gYvg=="
    },
    "mime-types": {
      "version": "2.1.35",
      "resolved": "https://registry.npmjs.org/mime-types/-/mime-types-2.1.35.tgz",
      "integrity": "sha512-ZDY+bPm5zTTF+YpCrAU9nK0UgICYPT0QtT1NZWFv4s++TNkcgVaT0g6+4R2uI4MjQjzysHB1zxuWL50hzaeXiw==",
      "requires": {
        "mime-db": "1.52.0"
      }
    },
    "miniprogram-api-typings": {
      "version": "2.12.0",
      "resolved": "https://registry.npmjs.org/miniprogram-api-typings/-/miniprogram-api-typings-2.12.0.tgz",
      "integrity": "sha512-ibvbqeslVFur0IAvTxLMvsbtvVcMo6gwvOnj0YZHV7aeDLu091VQRrETT2QuiG9P6aZWRcxeNGJChRKVPCp9VQ==",
      "dev": true
    },
    "nertc-web-sdk": {
      "version": "4.6.25",
      "resolved": "https://registry.npmjs.org/nertc-web-sdk/-/nertc-web-sdk-4.6.25.tgz",
      "integrity": "sha512-fduQojv5/73bTzUuj8rmKtAhao9souvAevez9t+/+mCZJ0X57o5qiiw0CtVQbWdNSo9+EVdkyYyG8X+Aiv4u5w==",
      "requires": {
        "@types/webrtc": "^0.0.31"
      }
    },
    "yunxin-log-debug": {
      "version": "1.1.6",
      "resolved": "https://registry.npmjs.org/yunxin-log-debug/-/yunxin-log-debug-1.1.6.tgz",
      "integrity": "sha512-4YLeJ29UxIwpjT5VORPnieOFtODkKnadcnBcY5ax2Vkd4J+XHm2ZwsbZYF/DCQq+yrSAsW3zjS3pVF0KcQZpbQ==",
      "requires": {
        "loglevel": "^1.7.1"
      }
    }
  }
}
