PODS:
  - AFNetworking (4.0.1):
    - AFNetworking/NSURLSession (= 4.0.1)
    - AFNetworking/Reachability (= 4.0.1)
    - AFNetworking/Security (= 4.0.1)
    - AFNetworking/Serialization (= 4.0.1)
    - AFNetworking/UIKit (= 4.0.1)
  - AFNetworking/NSURLSession (4.0.1):
    - AFNetworking/Reachability
    - AFNetworking/Security
    - AFNetworking/Serialization
  - AFNetworking/Reachability (4.0.1)
  - AFNetworking/Security (4.0.1)
  - AFNetworking/Serialization (4.0.1)
  - AFNetworking/UIKit (4.0.1):
    - AFNetworking/NSURLSession
  - GCDWebServer (3.5.4):
    - GCDWebServer/Core (= 3.5.4)
  - GCDWebServer/Core (3.5.4)
  - Masonry (1.1.0)
  - NERtcCallKit (1.4.2):
    - NERtcSDK (~> 4.2.115)
    - NIMSDK_LITE (>= 8.5.5)
    - YXAlog_iOS (= 1.0.6)
  - NERtcSDK (4.2.115)
  - NIMSDK_LITE (8.8.3)
  - ReactiveObjC (3.1.1)
  - SDWebImage (5.7.4):
    - SDWebImage/Core (= 5.7.4)
  - SDWebImage/Core (5.7.4)
  - Toast (4.0.0)
  - YXAlog_iOS (1.0.6)

DEPENDENCIES:
  - AFNetworking (~> 4.0)
  - GCDWebServer (~> 3.5.4)
  - Masonry
  - NERtcCallKit (= 1.4.2)
  - NERtcSDK (= 4.2.115)
  - ReactiveObjC
  - SDWebImage (~> 5.7.1)
  - Toast

SPEC REPOS:
  trunk:
    - AFNetworking
    - GCDWebServer
    - Masonry
    - NERtcCallKit
    - NERtcSDK
    - NIMSDK_LITE
    - ReactiveObjC
    - SDWebImage
    - Toast
    - YXAlog_iOS

SPEC CHECKSUMS:
  AFNetworking: 7864c38297c79aaca1500c33288e429c3451fdce
  GCDWebServer: 2c156a56c8226e2d5c0c3f208a3621ccffbe3ce4
  Masonry: 678fab65091a9290e40e2832a55e7ab731aad201
  NERtcCallKit: e01b8d5ae1a4715441006cca8a0e83291350247e
  NERtcSDK: 25faaaeb15efed9238790390e4e0b7baeea09236
  NIMSDK_LITE: 40f02533dcacd7a61a9a84a7755db791fdb68633
  ReactiveObjC: 011caa393aa0383245f2dcf9bf02e86b80b36040
  SDWebImage: 48b88379b798fd1e4298f95bb25d2cdabbf4deb3
  Toast: 91b396c56ee72a5790816f40d3a94dd357abc196
  YXAlog_iOS: 3948d6f7c0173c9dc0117a9445fc9411f97b314e

PODFILE CHECKSUM: e3ae5ce91ece5a0ec3905f50eeb71ca67efa1865

COCOAPODS: 1.11.2
