PODS:
  - Masonry (1.1.0)
  - NERtcSDK (3.6.2)
  - NIMSDK_LITE (7.9.1)
  - SDWebImage (5.7.4):
    - SDWebImage/Core (= 5.7.4)
  - SDWebImage/Core (5.7.4)
  - Toast (4.0.0)

DEPENDENCIES:
  - Masonry
  - NERtcSDK (~> 3.6.1)
  - NIMSDK_LITE (~> 7.9.1)
  - SDWebImage (~> 5.7.1)
  - Toast

SPEC REPOS:
  trunk:
    - Masonry
    - NERtcSDK
    - NIMSDK_LITE
    - SDWebImage
    - Toast

SPEC CHECKSUMS:
  Masonry: 678fab65091a9290e40e2832a55e7ab731aad201
  NERtcSDK: 01855b97554cf0c856d009db7b296de4f71300c2
  NIMSDK_LITE: a81b6f4960a905db302d791996520bd119450f53
  SDWebImage: 48b88379b798fd1e4298f95bb25d2cdabbf4deb3
  Toast: 91b396c56ee72a5790816f40d3a94dd357abc196

PODFILE CHECKSUM: 183e7e34a71bb378901b45e2361c3eab1be1a9b0

COCOAPODS: 1.9.3
